// !$*UTF8*$!
{
	archiveVersion = 1;
	classes = {
	};
	objectVersion = 55;
	objects = {

/* Begin PBXBuildFile section */
		370BA59C269C398F006BB1CE /* Assets.xcassets in Resources */ = {isa = PBXBuildFile; fileRef = 370BA59B269C398F006BB1CE /* Assets.xcassets */; };
		370BA59F269C398F006BB1CE /* Preview Assets.xcassets in Resources */ = {isa = PBXBuildFile; fileRef = 370BA59E269C398F006BB1CE /* Preview Assets.xcassets */; };
		370BA5AA269C398F006BB1CE /* GeometricWeatherTests.swift in Sources */ = {isa = PBXBuildFile; fileRef = 370BA5A9269C398F006BB1CE /* GeometricWeatherTests.swift */; };
		370BA5B5269C3990006BB1CE /* GeometricWeatherUITests.swift in Sources */ = {isa = PBXBuildFile; fileRef = 370BA5B4269C3990006BB1CE /* GeometricWeatherUITests.swift */; };
		370BA5C3269C5E37006BB1CE /* LaunchScreen.storyboard in Resources */ = {isa = PBXBuildFile; fileRef = 370BA5C2269C5E37006BB1CE /* LaunchScreen.storyboard */; };
		370BA5C6269C6091006BB1CE /* InfoPlist.strings in Resources */ = {isa = PBXBuildFile; fileRef = 370BA5C8269C6091006BB1CE /* InfoPlist.strings */; };
		372D4A272732A470002F4F17 /* SearchTableViewCell.swift in Sources */ = {isa = PBXBuildFile; fileRef = 372D4A262732A470002F4F17 /* SearchTableViewCell.swift */; };
		3739F27626C0C7DA00EAE90A /* SnapKit in Frameworks */ = {isa = PBXBuildFile; productRef = 3739F27526C0C7DA00EAE90A /* SnapKit */; };
		3739F27826C0D83B00EAE90A /* MainTimeBarView.swift in Sources */ = {isa = PBXBuildFile; fileRef = 3739F27726C0D83B00EAE90A /* MainTimeBarView.swift */; };
		3740707F26C94FEF0067BB78 /* TrendUtils.swift in Sources */ = {isa = PBXBuildFile; fileRef = 3740707E26C94FEF0067BB78 /* TrendUtils.swift */; };
		3740708126C950390067BB78 /* HorizontalLinesBackgroundView.swift in Sources */ = {isa = PBXBuildFile; fileRef = 3740708026C950390067BB78 /* HorizontalLinesBackgroundView.swift */; };
		3742CBD026C76130001CDCED /* DailyTrendCollectionViewCell.swift in Sources */ = {isa = PBXBuildFile; fileRef = 3742CBCF26C76130001CDCED /* DailyTrendCollectionViewCell.swift */; };
		3742CBEC26C8DB76001CDCED /* PolylineAndHistogramView.swift in Sources */ = {isa = PBXBuildFile; fileRef = 3742CBEB26C8DB76001CDCED /* PolylineAndHistogramView.swift */; };
		3749731127BB91B5009D8AD5 /* WeatherKeywords.swift in Sources */ = {isa = PBXBuildFile; fileRef = 3749731027BB91B5009D8AD5 /* WeatherKeywords.swift */; };
		3749731527BBB407009D8AD5 /* UIRefreshControlExt.swift in Sources */ = {isa = PBXBuildFile; fileRef = 3749731427BBB407009D8AD5 /* UIRefreshControlExt.swift */; };
		3749A0FD26E1F7C700EEA6A3 /* DotPagerIndicator.swift in Sources */ = {isa = PBXBuildFile; fileRef = 3749A0FC26E1F7C700EEA6A3 /* DotPagerIndicator.swift */; };
		3749A0FF26E25B0500EEA6A3 /* PollingBackgroundTask.swift in Sources */ = {isa = PBXBuildFile; fileRef = 3749A0FE26E25B0500EEA6A3 /* PollingBackgroundTask.swift */; };
		3749A10626E456D300EEA6A3 /* AlertTableViewCell.swift in Sources */ = {isa = PBXBuildFile; fileRef = 3749A10526E456D300EEA6A3 /* AlertTableViewCell.swift */; };
		3749A10826E4595700EEA6A3 /* AlertViewController.swift in Sources */ = {isa = PBXBuildFile; fileRef = 3749A10726E4595700EEA6A3 /* AlertViewController.swift */; };
		3749A10A26E46B3C00EEA6A3 /* SplitManagementViewController+Editable.swift in Sources */ = {isa = PBXBuildFile; fileRef = 3749A10926E46B3C00EEA6A3 /* SplitManagementViewController+Editable.swift */; };
		3749A10C26E4762800EEA6A3 /* Toast-Swift.swift in Sources */ = {isa = PBXBuildFile; fileRef = 3749A10B26E4762800EEA6A3 /* Toast-Swift.swift */; };
		3749A11126E47A8A00EEA6A3 /* ToastViews.swift in Sources */ = {isa = PBXBuildFile; fileRef = 3749A11026E47A8A00EEA6A3 /* ToastViews.swift */; };
		3749A11326E4950E00EEA6A3 /* CornerButton.swift in Sources */ = {isa = PBXBuildFile; fileRef = 3749A11226E4950E00EEA6A3 /* CornerButton.swift */; };
		374BA5FE26FC78E00080B5CA /* WidgetKit.framework in Frameworks */ = {isa = PBXBuildFile; fileRef = 37A35F6226F4B45300431565 /* WidgetKit.framework */; };
		374BA5FF26FC78E00080B5CA /* SwiftUI.framework in Frameworks */ = {isa = PBXBuildFile; fileRef = 37A35F6426F4B45300431565 /* SwiftUI.framework */; };
		374BA60226FC78E00080B5CA /* GeometricWeatherWidget.swift in Sources */ = {isa = PBXBuildFile; fileRef = 374BA60126FC78E00080B5CA /* GeometricWeatherWidget.swift */; };
		374BA60526FC78E10080B5CA /* Assets.xcassets in Resources */ = {isa = PBXBuildFile; fileRef = 374BA60426FC78E10080B5CA /* Assets.xcassets */; };
		374BA60726FC78E10080B5CA /* GeometricWeatherWidget.intentdefinition in Sources */ = {isa = PBXBuildFile; fileRef = 374BA60326FC78E00080B5CA /* GeometricWeatherWidget.intentdefinition */; };
		374BA60826FC78E10080B5CA /* GeometricWeatherWidget.intentdefinition in Sources */ = {isa = PBXBuildFile; fileRef = 374BA60326FC78E00080B5CA /* GeometricWeatherWidget.intentdefinition */; };
		374BA60B26FC78E10080B5CA /* GeometricWeatherWidgetExtension.appex in Embed App Extensions */ = {isa = PBXBuildFile; fileRef = 374BA5FD26FC78E00080B5CA /* GeometricWeatherWidgetExtension.appex */; settings = {ATTRIBUTES = (RemoveHeadersOnCopy, ); }; };
		374BA62126FC89170080B5CA /* ItemViews.swift in Sources */ = {isa = PBXBuildFile; fileRef = 374BA61C26FC89160080B5CA /* ItemViews.swift */; };
		374BA62326FC89170080B5CA /* WeatherWidgetLargeView.swift in Sources */ = {isa = PBXBuildFile; fileRef = 374BA61E26FC89170080B5CA /* WeatherWidgetLargeView.swift */; };
		374BA62426FC89170080B5CA /* WeatherWidgetMediumView.swift in Sources */ = {isa = PBXBuildFile; fileRef = 374BA61F26FC89170080B5CA /* WeatherWidgetMediumView.swift */; };
		374BA62526FC89170080B5CA /* WeatherWidgetSmallView.swift in Sources */ = {isa = PBXBuildFile; fileRef = 374BA62026FC89170080B5CA /* WeatherWidgetSmallView.swift */; };
		374BA62726FC894E0080B5CA /* GeometricWeatherBasic in Frameworks */ = {isa = PBXBuildFile; productRef = 374BA62626FC894E0080B5CA /* GeometricWeatherBasic */; };
		374BA62A26FC89E10080B5CA /* Localizable.strings in Resources */ = {isa = PBXBuildFile; fileRef = 374BA62C26FC89E10080B5CA /* Localizable.strings */; };
		374BA62F26FC8AC30080B5CA /* WeatherWidget.swift in Sources */ = {isa = PBXBuildFile; fileRef = 374BA62E26FC8AC30080B5CA /* WeatherWidget.swift */; };
		37543A742720164C00BA2A14 /* CaiYunApi.swift in Sources */ = {isa = PBXBuildFile; fileRef = 37543A732720164C00BA2A14 /* CaiYunApi.swift */; };
		37543A76272028F100BA2A14 /* CaiYunJson.swift in Sources */ = {isa = PBXBuildFile; fileRef = 37543A75272028F100BA2A14 /* CaiYunJson.swift */; };
		37543A7827202A9D00BA2A14 /* CaiYunConvert.swift in Sources */ = {isa = PBXBuildFile; fileRef = 37543A7727202A9D00BA2A14 /* CaiYunConvert.swift */; };
		37543A7C27224E3900BA2A14 /* HourlyDialog.swift in Sources */ = {isa = PBXBuildFile; fileRef = 37543A7B27224E3900BA2A14 /* HourlyDialog.swift */; };
		37543A7E2727943200BA2A14 /* BeizerPolylineView.swift in Sources */ = {isa = PBXBuildFile; fileRef = 37543A7D2727943200BA2A14 /* BeizerPolylineView.swift */; };
		3754FFB526F33A4E00D5A097 /* GeoViewController.swift in Sources */ = {isa = PBXBuildFile; fileRef = 3754FFB426F33A4E00D5A097 /* GeoViewController.swift */; };
		3761DEB626A9B9AD00B0612E /* LocationHelper.swift in Sources */ = {isa = PBXBuildFile; fileRef = 3761DEB526A9B9AD00B0612E /* LocationHelper.swift */; };
		3766725026CFEF9B00C34188 /* MainAirQualityCardCell.swift in Sources */ = {isa = PBXBuildFile; fileRef = 3766724F26CFEF9B00C34188 /* MainAirQualityCardCell.swift */; };
		3766725526D0A28E00C34188 /* UICountingLabel.m in Sources */ = {isa = PBXBuildFile; fileRef = 3766725426D0A28E00C34188 /* UICountingLabel.m */; };
		377647E526F1988800B82BB2 /* SettingsView.swift in Sources */ = {isa = PBXBuildFile; fileRef = 377647E426F1988800B82BB2 /* SettingsView.swift */; };
		377647E826F1C7E600B82BB2 /* SettingsTextViews.swift in Sources */ = {isa = PBXBuildFile; fileRef = 377647E726F1C7E600B82BB2 /* SettingsTextViews.swift */; };
		377647EA26F1CB3D00B82BB2 /* SettingsCellViews.swift in Sources */ = {isa = PBXBuildFile; fileRef = 377647E926F1CB3D00B82BB2 /* SettingsCellViews.swift */; };
		377647EE26F1F4D400B82BB2 /* SettingsViewController.swift in Sources */ = {isa = PBXBuildFile; fileRef = 377647ED26F1F4D400B82BB2 /* SettingsViewController.swift */; };
		377B1D6626B6B93000E7E07E /* SceneDelegate.swift in Sources */ = {isa = PBXBuildFile; fileRef = 377B1D6426B6B93000E7E07E /* SceneDelegate.swift */; };
		377B1D6726B6B93000E7E07E /* AppDelegate.swift in Sources */ = {isa = PBXBuildFile; fileRef = 377B1D6526B6B93000E7E07E /* AppDelegate.swift */; };
		377B1D6926B6BCA700E7E07E /* HomeViewController.swift in Sources */ = {isa = PBXBuildFile; fileRef = 377B1D6826B6BCA700E7E07E /* HomeViewController.swift */; };
		37852BC326CA7C0F0058E353 /* MainHourlyCardCell.swift in Sources */ = {isa = PBXBuildFile; fileRef = 37852BC226CA7C0F0058E353 /* MainHourlyCardCell.swift */; };
		37852BC526CA815C0058E353 /* HourlyTrendCollectionViewCell.swift in Sources */ = {isa = PBXBuildFile; fileRef = 37852BC426CA815B0058E353 /* HourlyTrendCollectionViewCell.swift */; };
		3789E1FA26AAD85A005C3C06 /* Reachability in Frameworks */ = {isa = PBXBuildFile; productRef = 3789E1F926AAD85A005C3C06 /* Reachability */; };
		3789E1FD26AADA14005C3C06 /* Moya in Frameworks */ = {isa = PBXBuildFile; productRef = 3789E1FC26AADA14005C3C06 /* Moya */; };
		3789E1FF26AADA14005C3C06 /* ReactiveMoya in Frameworks */ = {isa = PBXBuildFile; productRef = 3789E1FE26AADA14005C3C06 /* ReactiveMoya */; };
		3789E20126AADA14005C3C06 /* RxMoya in Frameworks */ = {isa = PBXBuildFile; productRef = 3789E20026AADA14005C3C06 /* RxMoya */; };
		3789E20426AADA32005C3C06 /* AccuApi.swift in Sources */ = {isa = PBXBuildFile; fileRef = 3789E20326AADA32005C3C06 /* AccuApi.swift */; };
		3789E20626AAEEA4005C3C06 /* WeatherApi.swift in Sources */ = {isa = PBXBuildFile; fileRef = 3789E20526AAEEA4005C3C06 /* WeatherApi.swift */; };
		3789E21226AB0DE1005C3C06 /* AccuJson.swift in Sources */ = {isa = PBXBuildFile; fileRef = 3789E21126AB0DE1005C3C06 /* AccuJson.swift */; };
		3789E21726ABA9FF005C3C06 /* AccuConvert.swift in Sources */ = {isa = PBXBuildFile; fileRef = 3789E21626ABA9FF005C3C06 /* AccuConvert.swift */; };
		3789E21B26ABD9A1005C3C06 /* ConvertUtils.swift in Sources */ = {isa = PBXBuildFile; fileRef = 3789E21A26ABD9A1005C3C06 /* ConvertUtils.swift */; };
		3789E22026AC0D2A005C3C06 /* UpdateHelper.swift in Sources */ = {isa = PBXBuildFile; fileRef = 3789E21F26AC0D2A005C3C06 /* UpdateHelper.swift */; };
		3789E27426AD9984005C3C06 /* MainViewModel.swift in Sources */ = {isa = PBXBuildFile; fileRef = 3789E27326AD9984005C3C06 /* MainViewModel.swift */; };
		3789E27626AD9A0C005C3C06 /* MainModels.swift in Sources */ = {isa = PBXBuildFile; fileRef = 3789E27526AD9A0C005C3C06 /* MainModels.swift */; };
		3789E27826ADA713005C3C06 /* MainRepository.swift in Sources */ = {isa = PBXBuildFile; fileRef = 3789E27726ADA713005C3C06 /* MainRepository.swift */; };
		378CB00B26BD80DD00C7BD13 /* DragSwitchView.swift in Sources */ = {isa = PBXBuildFile; fileRef = 378CB00A26BD80DD00C7BD13 /* DragSwitchView.swift */; };
		378CB01326BF710600C7BD13 /* GeoNavigationController.swift in Sources */ = {isa = PBXBuildFile; fileRef = 378CB01226BF710600C7BD13 /* GeoNavigationController.swift */; };
		378CB01626BF7DED00C7BD13 /* MainTableViewHeaderView.swift in Sources */ = {isa = PBXBuildFile; fileRef = 378CB01526BF7DED00C7BD13 /* MainTableViewHeaderView.swift */; };
		378CB01826BF7EEA00C7BD13 /* HomeViewController+UITableView.swift in Sources */ = {isa = PBXBuildFile; fileRef = 378CB01726BF7EEA00C7BD13 /* HomeViewController+UITableView.swift */; };
		378CB01E26BF966500C7BD13 /* MainTableViewCell.swift in Sources */ = {isa = PBXBuildFile; fileRef = 378CB01D26BF966500C7BD13 /* MainTableViewCell.swift */; };
		378CB02426BFC50800C7BD13 /* MainDailyCardCell.swift in Sources */ = {isa = PBXBuildFile; fileRef = 378CB02326BFC50800C7BD13 /* MainDailyCardCell.swift */; };
		378CB02626BFE43500C7BD13 /* StaggeredCellAnimation.swift in Sources */ = {isa = PBXBuildFile; fileRef = 378CB02526BFE43500C7BD13 /* StaggeredCellAnimation.swift */; };
		3799F50626D0EACE00B49D20 /* LinearProgressView.swift in Sources */ = {isa = PBXBuildFile; fileRef = 3799F50526D0EACE00B49D20 /* LinearProgressView.swift */; };
		3799F50926D1020800B49D20 /* SunMoonPathView.swift in Sources */ = {isa = PBXBuildFile; fileRef = 3799F50826D1020800B49D20 /* SunMoonPathView.swift */; };
		3799F50B26D10C9300B49D20 /* MainSunMoonCardCell.swift in Sources */ = {isa = PBXBuildFile; fileRef = 3799F50A26D10C9300B49D20 /* MainSunMoonCardCell.swift */; };
		3799F50D26D225A500B49D20 /* MoonPhaseView.swift in Sources */ = {isa = PBXBuildFile; fileRef = 3799F50C26D225A400B49D20 /* MoonPhaseView.swift */; };
		3799F50F26D255C300B49D20 /* MainDetailsCardCell.swift in Sources */ = {isa = PBXBuildFile; fileRef = 3799F50E26D255C300B49D20 /* MainDetailsCardCell.swift */; };
		3799F51126D2561C00B49D20 /* MainDetailItemView.swift in Sources */ = {isa = PBXBuildFile; fileRef = 3799F51026D2561C00B49D20 /* MainDetailItemView.swift */; };
		3799F51326D2802E00B49D20 /* MainAllergenCardCell.swift in Sources */ = {isa = PBXBuildFile; fileRef = 3799F51226D2802E00B49D20 /* MainAllergenCardCell.swift */; };
		3799F51626D282BB00B49D20 /* AllergenCollectionViewCell.swift in Sources */ = {isa = PBXBuildFile; fileRef = 3799F51526D282BB00B49D20 /* AllergenCollectionViewCell.swift */; };
		37A35F8126F5BF3E00431565 /* GeometricWeatherBasic in Frameworks */ = {isa = PBXBuildFile; productRef = 37A35F8026F5BF3E00431565 /* GeometricWeatherBasic */; };
		37A897932733D7A1000B42FF /* MainNavigationBarTitleView.swift in Sources */ = {isa = PBXBuildFile; fileRef = 37A897922733D7A1000B42FF /* MainNavigationBarTitleView.swift */; };
		37A897CB273B5A19000B42FF /* HourlyViewController.swift in Sources */ = {isa = PBXBuildFile; fileRef = 37A897CA273B5A19000B42FF /* HourlyViewController.swift */; };
		37A897CD273B5A22000B42FF /* HourlyView.swift in Sources */ = {isa = PBXBuildFile; fileRef = 37A897CC273B5A22000B42FF /* HourlyView.swift */; };
		37AA5E7026DA235A00DBA181 /* UIViewEffect.swift in Sources */ = {isa = PBXBuildFile; fileRef = 37AA5E6F26DA235A00DBA181 /* UIViewEffect.swift */; };
		37AA5E7726DA3C4900DBA181 /* SearchResultController.swift in Sources */ = {isa = PBXBuildFile; fileRef = 37AA5E7626DA3C4900DBA181 /* SearchResultController.swift */; };
		37AA5E8026DB744E00DBA181 /* JXMovableCellTableView.m in Sources */ = {isa = PBXBuildFile; fileRef = 37AA5E7F26DB744E00DBA181 /* JXMovableCellTableView.m */; };
		37BA825E272956F200EFADFD /* DailyView.swift in Sources */ = {isa = PBXBuildFile; fileRef = 37BA825D272956F200EFADFD /* DailyView.swift */; };
		37BA82602729684B00EFADFD /* DailyPageController.swift in Sources */ = {isa = PBXBuildFile; fileRef = 37BA825F2729684B00EFADFD /* DailyPageController.swift */; };
		37BA8262272968F400EFADFD /* DailyViewController.swift in Sources */ = {isa = PBXBuildFile; fileRef = 37BA8261272968F400EFADFD /* DailyViewController.swift */; };
		37BA8264272F84A200EFADFD /* GeoDialog+Helper.swift in Sources */ = {isa = PBXBuildFile; fileRef = 37BA8263272F84A200EFADFD /* GeoDialog+Helper.swift */; };
		37BA826A2730D1EC00EFADFD /* MainViewController.swift in Sources */ = {isa = PBXBuildFile; fileRef = 37BA82692730D1EC00EFADFD /* MainViewController.swift */; };
		37CF4C3826CE496000E58736 /* CircularProgressView.swift in Sources */ = {isa = PBXBuildFile; fileRef = 37CF4C3726CE496000E58736 /* CircularProgressView.swift */; };
		37D237B126EF53FE00C8AFB8 /* MainTrendShaderCollectionView.swift in Sources */ = {isa = PBXBuildFile; fileRef = 37D237B026EF53FD00C8AFB8 /* MainTrendShaderCollectionView.swift */; };
		37D7AA8826B2AEB70028F67E /* Localizable.strings in Resources */ = {isa = PBXBuildFile; fileRef = 37D7AA8A26B2AEB70028F67E /* Localizable.strings */; };
		37D92A4226D9266D00A13C63 /* SplitManagementViewController.swift in Sources */ = {isa = PBXBuildFile; fileRef = 37D92A4126D9266D00A13C63 /* SplitManagementViewController.swift */; };
		37D92A4626D92D4D00A13C63 /* LocationTableViewCell.swift in Sources */ = {isa = PBXBuildFile; fileRef = 37D92A4526D92D4D00A13C63 /* LocationTableViewCell.swift */; };
		37D9E60E2718454100209110 /* ToastHelper.swift in Sources */ = {isa = PBXBuildFile; fileRef = 37D9E60D2718454100209110 /* ToastHelper.swift */; };
		37D9E61127185AFE00209110 /* AboutView.swift in Sources */ = {isa = PBXBuildFile; fileRef = 37D9E61027185AFE00209110 /* AboutView.swift */; };
		37D9E615271862B400209110 /* AboutViewController.swift in Sources */ = {isa = PBXBuildFile; fileRef = 37D9E614271862B400209110 /* AboutViewController.swift */; };
		37D9E6172719183200209110 /* AboutItemViews.swift in Sources */ = {isa = PBXBuildFile; fileRef = 37D9E6162719183200209110 /* AboutItemViews.swift */; };
		37D9E62D271D400700209110 /* GeoDialog.swift in Sources */ = {isa = PBXBuildFile; fileRef = 37D9E62C271D400700209110 /* GeoDialog.swift */; };
		37D9E62F271D4D4600209110 /* StatementDialog.swift in Sources */ = {isa = PBXBuildFile; fileRef = 37D9E62E271D4D4600209110 /* StatementDialog.swift */; };
		37E0E77B26CAA4DC0057B0EC /* MainTrendUtils.swift in Sources */ = {isa = PBXBuildFile; fileRef = 37E0E77A26CAA4DC0057B0EC /* MainTrendUtils.swift */; };
		37E5D417271021A00052A690 /* DailyWidget.swift in Sources */ = {isa = PBXBuildFile; fileRef = 37E5D416271021A00052A690 /* DailyWidget.swift */; };
		37E5D419271022550052A690 /* DailyView.swift in Sources */ = {isa = PBXBuildFile; fileRef = 37E5D418271022550052A690 /* DailyView.swift */; };
		37E5D41C271022D60052A690 /* HourlyView.swift in Sources */ = {isa = PBXBuildFile; fileRef = 37E5D41B271022D60052A690 /* HourlyView.swift */; };
		37E5D41E271094A10052A690 /* HomeViewController+PageIndicator.swift in Sources */ = {isa = PBXBuildFile; fileRef = 37E5D41D271094A10052A690 /* HomeViewController+PageIndicator.swift */; };
		37E5D4202712FCE20052A690 /* HomeViewController+Layout.swift in Sources */ = {isa = PBXBuildFile; fileRef = 37E5D41F2712FCE20052A690 /* HomeViewController+Layout.swift */; };
		37E5D42327130BA80052A690 /* AppExtensionHelper.swift in Sources */ = {isa = PBXBuildFile; fileRef = 37E5D42227130BA80052A690 /* AppExtensionHelper.swift */; };
		37E5D429271402710052A690 /* DailyWidget2.swift in Sources */ = {isa = PBXBuildFile; fileRef = 37E5D428271402710052A690 /* DailyWidget2.swift */; };
		37E5D42B2714030B0052A690 /* CurrentSquareView.swift in Sources */ = {isa = PBXBuildFile; fileRef = 37E5D42A2714030B0052A690 /* CurrentSquareView.swift */; };
		37E5D42D271433630052A690 /* Contants.swift in Sources */ = {isa = PBXBuildFile; fileRef = 37E5D42C271433630052A690 /* Contants.swift */; };
		37E5D42F27145A210052A690 /* AppNotificationHelper.swift in Sources */ = {isa = PBXBuildFile; fileRef = 37E5D42E27145A210052A690 /* AppNotificationHelper.swift */; };
		37E5D4312717FEAD0052A690 /* HomeViewController+Events.swift in Sources */ = {isa = PBXBuildFile; fileRef = 37E5D4302717FEAD0052A690 /* HomeViewController+Events.swift */; };
		37FFA2BE273B72DE00220AE4 /* PresentManagementViewController+Editable.swift in Sources */ = {isa = PBXBuildFile; fileRef = 37FFA2BC273B72DE00220AE4 /* PresentManagementViewController+Editable.swift */; };
		37FFA2BF273B72DE00220AE4 /* PresentManagementViewController.swift in Sources */ = {isa = PBXBuildFile; fileRef = 37FFA2BD273B72DE00220AE4 /* PresentManagementViewController.swift */; };
		37FFA2C1273B732600220AE4 /* ManagementCommon.swift in Sources */ = {isa = PBXBuildFile; fileRef = 37FFA2C0273B732600220AE4 /* ManagementCommon.swift */; };
/* End PBXBuildFile section */

/* Begin PBXContainerItemProxy section */
		370BA5A6269C398F006BB1CE /* PBXContainerItemProxy */ = {
			isa = PBXContainerItemProxy;
			containerPortal = 370BA58C269C398D006BB1CE /* Project object */;
			proxyType = 1;
			remoteGlobalIDString = 370BA593269C398D006BB1CE;
			remoteInfo = GeometricWeather;
		};
		370BA5B1269C3990006BB1CE /* PBXContainerItemProxy */ = {
			isa = PBXContainerItemProxy;
			containerPortal = 370BA58C269C398D006BB1CE /* Project object */;
			proxyType = 1;
			remoteGlobalIDString = 370BA593269C398D006BB1CE;
			remoteInfo = GeometricWeather;
		};
		374BA60926FC78E10080B5CA /* PBXContainerItemProxy */ = {
			isa = PBXContainerItemProxy;
			containerPortal = 370BA58C269C398D006BB1CE /* Project object */;
			proxyType = 1;
			remoteGlobalIDString = 374BA5FC26FC78E00080B5CA;
			remoteInfo = GeometricWeatherWidgetExtension;
		};
/* End PBXContainerItemProxy section */

/* Begin PBXCopyFilesBuildPhase section */
		37A35F7626F4B45400431565 /* Embed App Extensions */ = {
			isa = PBXCopyFilesBuildPhase;
			buildActionMask = 2147483647;
			dstPath = "";
			dstSubfolderSpec = 13;
			files = (
				374BA60B26FC78E10080B5CA /* GeometricWeatherWidgetExtension.appex in Embed App Extensions */,
			);
			name = "Embed App Extensions";
			runOnlyForDeploymentPostprocessing = 0;
		};
/* End PBXCopyFilesBuildPhase section */

/* Begin PBXFileReference section */
		370BA594269C398D006BB1CE /* GeometricWeather.app */ = {isa = PBXFileReference; explicitFileType = wrapper.application; includeInIndex = 0; path = GeometricWeather.app; sourceTree = BUILT_PRODUCTS_DIR; };
		370BA59B269C398F006BB1CE /* Assets.xcassets */ = {isa = PBXFileReference; lastKnownFileType = folder.assetcatalog; path = Assets.xcassets; sourceTree = "<group>"; };
		370BA59E269C398F006BB1CE /* Preview Assets.xcassets */ = {isa = PBXFileReference; lastKnownFileType = folder.assetcatalog; path = "Preview Assets.xcassets"; sourceTree = "<group>"; };
		370BA5A0269C398F006BB1CE /* Info.plist */ = {isa = PBXFileReference; lastKnownFileType = text.plist.xml; path = Info.plist; sourceTree = "<group>"; };
		370BA5A5269C398F006BB1CE /* GeometricWeatherTests.xctest */ = {isa = PBXFileReference; explicitFileType = wrapper.cfbundle; includeInIndex = 0; path = GeometricWeatherTests.xctest; sourceTree = BUILT_PRODUCTS_DIR; };
		370BA5A9269C398F006BB1CE /* GeometricWeatherTests.swift */ = {isa = PBXFileReference; lastKnownFileType = sourcecode.swift; path = GeometricWeatherTests.swift; sourceTree = "<group>"; };
		370BA5AB269C398F006BB1CE /* Info.plist */ = {isa = PBXFileReference; lastKnownFileType = text.plist.xml; path = Info.plist; sourceTree = "<group>"; };
		370BA5B0269C3990006BB1CE /* GeometricWeatherUITests.xctest */ = {isa = PBXFileReference; explicitFileType = wrapper.cfbundle; includeInIndex = 0; path = GeometricWeatherUITests.xctest; sourceTree = BUILT_PRODUCTS_DIR; };
		370BA5B4269C3990006BB1CE /* GeometricWeatherUITests.swift */ = {isa = PBXFileReference; lastKnownFileType = sourcecode.swift; path = GeometricWeatherUITests.swift; sourceTree = "<group>"; };
		370BA5B6269C3990006BB1CE /* Info.plist */ = {isa = PBXFileReference; lastKnownFileType = text.plist.xml; path = Info.plist; sourceTree = "<group>"; };
		370BA5C2269C5E37006BB1CE /* LaunchScreen.storyboard */ = {isa = PBXFileReference; fileEncoding = 4; lastKnownFileType = file.storyboard; path = LaunchScreen.storyboard; sourceTree = "<group>"; };
		370BA5C7269C6091006BB1CE /* en */ = {isa = PBXFileReference; lastKnownFileType = text.plist.strings; name = en; path = en.lproj/InfoPlist.strings; sourceTree = "<group>"; };
		370BA5C9269C609B006BB1CE /* zh-Hans */ = {isa = PBXFileReference; lastKnownFileType = text.plist.strings; name = "zh-Hans"; path = "zh-Hans.lproj/InfoPlist.strings"; sourceTree = "<group>"; };
		3723224F26AA8DB000A11139 /* GeometricWeather.entitlements */ = {isa = PBXFileReference; lastKnownFileType = text.plist.entitlements; path = GeometricWeather.entitlements; sourceTree = "<group>"; };
		372D4A262732A470002F4F17 /* SearchTableViewCell.swift */ = {isa = PBXFileReference; lastKnownFileType = sourcecode.swift; path = SearchTableViewCell.swift; sourceTree = "<group>"; };
		3739F27726C0D83B00EAE90A /* MainTimeBarView.swift */ = {isa = PBXFileReference; lastKnownFileType = sourcecode.swift; path = MainTimeBarView.swift; sourceTree = "<group>"; };
		3740707E26C94FEF0067BB78 /* TrendUtils.swift */ = {isa = PBXFileReference; lastKnownFileType = sourcecode.swift; path = TrendUtils.swift; sourceTree = "<group>"; };
		3740708026C950390067BB78 /* HorizontalLinesBackgroundView.swift */ = {isa = PBXFileReference; lastKnownFileType = sourcecode.swift; path = HorizontalLinesBackgroundView.swift; sourceTree = "<group>"; };
		3742CBCF26C76130001CDCED /* DailyTrendCollectionViewCell.swift */ = {isa = PBXFileReference; fileEncoding = 4; lastKnownFileType = sourcecode.swift; path = DailyTrendCollectionViewCell.swift; sourceTree = "<group>"; };
		3742CBEB26C8DB76001CDCED /* PolylineAndHistogramView.swift */ = {isa = PBXFileReference; lastKnownFileType = sourcecode.swift; path = PolylineAndHistogramView.swift; sourceTree = "<group>"; };
		3749731027BB91B5009D8AD5 /* WeatherKeywords.swift */ = {isa = PBXFileReference; lastKnownFileType = sourcecode.swift; path = WeatherKeywords.swift; sourceTree = "<group>"; };
		3749731427BBB407009D8AD5 /* UIRefreshControlExt.swift */ = {isa = PBXFileReference; lastKnownFileType = sourcecode.swift; path = UIRefreshControlExt.swift; sourceTree = "<group>"; };
		3749A0FC26E1F7C700EEA6A3 /* DotPagerIndicator.swift */ = {isa = PBXFileReference; lastKnownFileType = sourcecode.swift; path = DotPagerIndicator.swift; sourceTree = "<group>"; };
		3749A0FE26E25B0500EEA6A3 /* PollingBackgroundTask.swift */ = {isa = PBXFileReference; lastKnownFileType = sourcecode.swift; path = PollingBackgroundTask.swift; sourceTree = "<group>"; };
		3749A10526E456D300EEA6A3 /* AlertTableViewCell.swift */ = {isa = PBXFileReference; lastKnownFileType = sourcecode.swift; path = AlertTableViewCell.swift; sourceTree = "<group>"; };
		3749A10726E4595700EEA6A3 /* AlertViewController.swift */ = {isa = PBXFileReference; lastKnownFileType = sourcecode.swift; path = AlertViewController.swift; sourceTree = "<group>"; };
		3749A10926E46B3C00EEA6A3 /* SplitManagementViewController+Editable.swift */ = {isa = PBXFileReference; lastKnownFileType = sourcecode.swift; path = "SplitManagementViewController+Editable.swift"; sourceTree = "<group>"; };
		3749A10B26E4762800EEA6A3 /* Toast-Swift.swift */ = {isa = PBXFileReference; lastKnownFileType = sourcecode.swift; path = "Toast-Swift.swift"; sourceTree = "<group>"; };
		3749A11026E47A8A00EEA6A3 /* ToastViews.swift */ = {isa = PBXFileReference; lastKnownFileType = sourcecode.swift; path = ToastViews.swift; sourceTree = "<group>"; };
		3749A11226E4950E00EEA6A3 /* CornerButton.swift */ = {isa = PBXFileReference; lastKnownFileType = sourcecode.swift; path = CornerButton.swift; sourceTree = "<group>"; };
		374BA5FD26FC78E00080B5CA /* GeometricWeatherWidgetExtension.appex */ = {isa = PBXFileReference; explicitFileType = "wrapper.app-extension"; includeInIndex = 0; path = GeometricWeatherWidgetExtension.appex; sourceTree = BUILT_PRODUCTS_DIR; };
		374BA60126FC78E00080B5CA /* GeometricWeatherWidget.swift */ = {isa = PBXFileReference; lastKnownFileType = sourcecode.swift; path = GeometricWeatherWidget.swift; sourceTree = "<group>"; };
		374BA60326FC78E00080B5CA /* GeometricWeatherWidget.intentdefinition */ = {isa = PBXFileReference; lastKnownFileType = file.intentdefinition; path = GeometricWeatherWidget.intentdefinition; sourceTree = "<group>"; };
		374BA60426FC78E10080B5CA /* Assets.xcassets */ = {isa = PBXFileReference; lastKnownFileType = folder.assetcatalog; path = Assets.xcassets; sourceTree = "<group>"; };
		374BA60626FC78E10080B5CA /* Info.plist */ = {isa = PBXFileReference; lastKnownFileType = text.plist.xml; path = Info.plist; sourceTree = "<group>"; };
		374BA60C26FC78E10080B5CA /* GeometricWeatherWidgetExtension.entitlements */ = {isa = PBXFileReference; lastKnownFileType = text.plist.entitlements; path = GeometricWeatherWidgetExtension.entitlements; sourceTree = "<group>"; };
		374BA61C26FC89160080B5CA /* ItemViews.swift */ = {isa = PBXFileReference; fileEncoding = 4; lastKnownFileType = sourcecode.swift; path = ItemViews.swift; sourceTree = "<group>"; };
		374BA61E26FC89170080B5CA /* WeatherWidgetLargeView.swift */ = {isa = PBXFileReference; fileEncoding = 4; lastKnownFileType = sourcecode.swift; path = WeatherWidgetLargeView.swift; sourceTree = "<group>"; };
		374BA61F26FC89170080B5CA /* WeatherWidgetMediumView.swift */ = {isa = PBXFileReference; fileEncoding = 4; lastKnownFileType = sourcecode.swift; path = WeatherWidgetMediumView.swift; sourceTree = "<group>"; };
		374BA62026FC89170080B5CA /* WeatherWidgetSmallView.swift */ = {isa = PBXFileReference; fileEncoding = 4; lastKnownFileType = sourcecode.swift; path = WeatherWidgetSmallView.swift; sourceTree = "<group>"; };
		374BA62B26FC89E10080B5CA /* en */ = {isa = PBXFileReference; lastKnownFileType = text.plist.strings; name = en; path = en.lproj/Localizable.strings; sourceTree = "<group>"; };
		374BA62D26FC89E50080B5CA /* zh-Hans */ = {isa = PBXFileReference; lastKnownFileType = text.plist.strings; name = "zh-Hans"; path = "zh-Hans.lproj/Localizable.strings"; sourceTree = "<group>"; };
		374BA62E26FC8AC30080B5CA /* WeatherWidget.swift */ = {isa = PBXFileReference; lastKnownFileType = sourcecode.swift; path = WeatherWidget.swift; sourceTree = "<group>"; };
		374BA63526FC8FD90080B5CA /* Intents.framework */ = {isa = PBXFileReference; lastKnownFileType = wrapper.framework; name = Intents.framework; path = System/Library/Frameworks/Intents.framework; sourceTree = SDKROOT; };
		374BA64026FC8FD90080B5CA /* IntentsUI.framework */ = {isa = PBXFileReference; lastKnownFileType = wrapper.framework; name = IntentsUI.framework; path = System/Library/Frameworks/IntentsUI.framework; sourceTree = SDKROOT; };
		37543A732720164C00BA2A14 /* CaiYunApi.swift */ = {isa = PBXFileReference; lastKnownFileType = sourcecode.swift; path = CaiYunApi.swift; sourceTree = "<group>"; };
		37543A75272028F100BA2A14 /* CaiYunJson.swift */ = {isa = PBXFileReference; lastKnownFileType = sourcecode.swift; path = CaiYunJson.swift; sourceTree = "<group>"; };
		37543A7727202A9D00BA2A14 /* CaiYunConvert.swift */ = {isa = PBXFileReference; lastKnownFileType = sourcecode.swift; path = CaiYunConvert.swift; sourceTree = "<group>"; };
		37543A7B27224E3900BA2A14 /* HourlyDialog.swift */ = {isa = PBXFileReference; lastKnownFileType = sourcecode.swift; path = HourlyDialog.swift; sourceTree = "<group>"; };
		37543A7D2727943200BA2A14 /* BeizerPolylineView.swift */ = {isa = PBXFileReference; lastKnownFileType = sourcecode.swift; path = BeizerPolylineView.swift; sourceTree = "<group>"; };
		3754FFB426F33A4E00D5A097 /* GeoViewController.swift */ = {isa = PBXFileReference; lastKnownFileType = sourcecode.swift; path = GeoViewController.swift; sourceTree = "<group>"; };
		3761DEB526A9B9AD00B0612E /* LocationHelper.swift */ = {isa = PBXFileReference; lastKnownFileType = sourcecode.swift; path = LocationHelper.swift; sourceTree = "<group>"; };
		3766724F26CFEF9B00C34188 /* MainAirQualityCardCell.swift */ = {isa = PBXFileReference; lastKnownFileType = sourcecode.swift; path = MainAirQualityCardCell.swift; sourceTree = "<group>"; };
		3766725326D0A28E00C34188 /* UICountingLabel.h */ = {isa = PBXFileReference; lastKnownFileType = sourcecode.c.h; path = UICountingLabel.h; sourceTree = "<group>"; };
		3766725426D0A28E00C34188 /* UICountingLabel.m */ = {isa = PBXFileReference; lastKnownFileType = sourcecode.c.objc; path = UICountingLabel.m; sourceTree = "<group>"; };
		377647E426F1988800B82BB2 /* SettingsView.swift */ = {isa = PBXFileReference; lastKnownFileType = sourcecode.swift; path = SettingsView.swift; sourceTree = "<group>"; };
		377647E726F1C7E600B82BB2 /* SettingsTextViews.swift */ = {isa = PBXFileReference; lastKnownFileType = sourcecode.swift; path = SettingsTextViews.swift; sourceTree = "<group>"; };
		377647E926F1CB3D00B82BB2 /* SettingsCellViews.swift */ = {isa = PBXFileReference; lastKnownFileType = sourcecode.swift; path = SettingsCellViews.swift; sourceTree = "<group>"; };
		377647ED26F1F4D400B82BB2 /* SettingsViewController.swift */ = {isa = PBXFileReference; lastKnownFileType = sourcecode.swift; path = SettingsViewController.swift; sourceTree = "<group>"; };
		377B1D6426B6B93000E7E07E /* SceneDelegate.swift */ = {isa = PBXFileReference; fileEncoding = 4; lastKnownFileType = sourcecode.swift; path = SceneDelegate.swift; sourceTree = "<group>"; };
		377B1D6526B6B93000E7E07E /* AppDelegate.swift */ = {isa = PBXFileReference; fileEncoding = 4; lastKnownFileType = sourcecode.swift; path = AppDelegate.swift; sourceTree = "<group>"; };
		377B1D6826B6BCA700E7E07E /* HomeViewController.swift */ = {isa = PBXFileReference; fileEncoding = 4; lastKnownFileType = sourcecode.swift; path = HomeViewController.swift; sourceTree = "<group>"; };
		37852BC226CA7C0F0058E353 /* MainHourlyCardCell.swift */ = {isa = PBXFileReference; lastKnownFileType = sourcecode.swift; path = MainHourlyCardCell.swift; sourceTree = "<group>"; };
		37852BC426CA815B0058E353 /* HourlyTrendCollectionViewCell.swift */ = {isa = PBXFileReference; lastKnownFileType = sourcecode.swift; path = HourlyTrendCollectionViewCell.swift; sourceTree = "<group>"; };
		3789E20326AADA32005C3C06 /* AccuApi.swift */ = {isa = PBXFileReference; lastKnownFileType = sourcecode.swift; path = AccuApi.swift; sourceTree = "<group>"; };
		3789E20526AAEEA4005C3C06 /* WeatherApi.swift */ = {isa = PBXFileReference; lastKnownFileType = sourcecode.swift; path = WeatherApi.swift; sourceTree = "<group>"; };
		3789E21126AB0DE1005C3C06 /* AccuJson.swift */ = {isa = PBXFileReference; lastKnownFileType = sourcecode.swift; path = AccuJson.swift; sourceTree = "<group>"; };
		3789E21626ABA9FF005C3C06 /* AccuConvert.swift */ = {isa = PBXFileReference; lastKnownFileType = sourcecode.swift; path = AccuConvert.swift; sourceTree = "<group>"; };
		3789E21A26ABD9A1005C3C06 /* ConvertUtils.swift */ = {isa = PBXFileReference; lastKnownFileType = sourcecode.swift; path = ConvertUtils.swift; sourceTree = "<group>"; };
		3789E21F26AC0D2A005C3C06 /* UpdateHelper.swift */ = {isa = PBXFileReference; lastKnownFileType = sourcecode.swift; path = UpdateHelper.swift; sourceTree = "<group>"; };
		3789E27326AD9984005C3C06 /* MainViewModel.swift */ = {isa = PBXFileReference; lastKnownFileType = sourcecode.swift; path = MainViewModel.swift; sourceTree = "<group>"; };
		3789E27526AD9A0C005C3C06 /* MainModels.swift */ = {isa = PBXFileReference; lastKnownFileType = sourcecode.swift; path = MainModels.swift; sourceTree = "<group>"; };
		3789E27726ADA713005C3C06 /* MainRepository.swift */ = {isa = PBXFileReference; lastKnownFileType = sourcecode.swift; path = MainRepository.swift; sourceTree = "<group>"; };
		378CB00A26BD80DD00C7BD13 /* DragSwitchView.swift */ = {isa = PBXFileReference; lastKnownFileType = sourcecode.swift; path = DragSwitchView.swift; sourceTree = "<group>"; };
		378CB01226BF710600C7BD13 /* GeoNavigationController.swift */ = {isa = PBXFileReference; lastKnownFileType = sourcecode.swift; path = GeoNavigationController.swift; sourceTree = "<group>"; };
		378CB01526BF7DED00C7BD13 /* MainTableViewHeaderView.swift */ = {isa = PBXFileReference; lastKnownFileType = sourcecode.swift; path = MainTableViewHeaderView.swift; sourceTree = "<group>"; };
		378CB01726BF7EEA00C7BD13 /* HomeViewController+UITableView.swift */ = {isa = PBXFileReference; lastKnownFileType = sourcecode.swift; path = "HomeViewController+UITableView.swift"; sourceTree = "<group>"; };
		378CB01D26BF966500C7BD13 /* MainTableViewCell.swift */ = {isa = PBXFileReference; lastKnownFileType = sourcecode.swift; path = MainTableViewCell.swift; sourceTree = "<group>"; };
		378CB02326BFC50800C7BD13 /* MainDailyCardCell.swift */ = {isa = PBXFileReference; lastKnownFileType = sourcecode.swift; path = MainDailyCardCell.swift; sourceTree = "<group>"; };
		378CB02526BFE43500C7BD13 /* StaggeredCellAnimation.swift */ = {isa = PBXFileReference; lastKnownFileType = sourcecode.swift; path = StaggeredCellAnimation.swift; sourceTree = "<group>"; };
		3799F4FF26D0AE9C00B49D20 /* GeometricWeather-Bridging-Header.h */ = {isa = PBXFileReference; lastKnownFileType = sourcecode.c.h; path = "GeometricWeather-Bridging-Header.h"; sourceTree = "<group>"; };
		3799F50526D0EACE00B49D20 /* LinearProgressView.swift */ = {isa = PBXFileReference; lastKnownFileType = sourcecode.swift; path = LinearProgressView.swift; sourceTree = "<group>"; };
		3799F50826D1020800B49D20 /* SunMoonPathView.swift */ = {isa = PBXFileReference; lastKnownFileType = sourcecode.swift; path = SunMoonPathView.swift; sourceTree = "<group>"; };
		3799F50A26D10C9300B49D20 /* MainSunMoonCardCell.swift */ = {isa = PBXFileReference; lastKnownFileType = sourcecode.swift; path = MainSunMoonCardCell.swift; sourceTree = "<group>"; };
		3799F50C26D225A400B49D20 /* MoonPhaseView.swift */ = {isa = PBXFileReference; lastKnownFileType = sourcecode.swift; path = MoonPhaseView.swift; sourceTree = "<group>"; };
		3799F50E26D255C300B49D20 /* MainDetailsCardCell.swift */ = {isa = PBXFileReference; lastKnownFileType = sourcecode.swift; path = MainDetailsCardCell.swift; sourceTree = "<group>"; };
		3799F51026D2561C00B49D20 /* MainDetailItemView.swift */ = {isa = PBXFileReference; lastKnownFileType = sourcecode.swift; path = MainDetailItemView.swift; sourceTree = "<group>"; };
		3799F51226D2802E00B49D20 /* MainAllergenCardCell.swift */ = {isa = PBXFileReference; lastKnownFileType = sourcecode.swift; path = MainAllergenCardCell.swift; sourceTree = "<group>"; };
		3799F51526D282BB00B49D20 /* AllergenCollectionViewCell.swift */ = {isa = PBXFileReference; lastKnownFileType = sourcecode.swift; path = AllergenCollectionViewCell.swift; sourceTree = "<group>"; };
		37A35F6226F4B45300431565 /* WidgetKit.framework */ = {isa = PBXFileReference; lastKnownFileType = wrapper.framework; name = WidgetKit.framework; path = System/Library/Frameworks/WidgetKit.framework; sourceTree = SDKROOT; };
		37A35F6426F4B45300431565 /* SwiftUI.framework */ = {isa = PBXFileReference; lastKnownFileType = wrapper.framework; name = SwiftUI.framework; path = System/Library/Frameworks/SwiftUI.framework; sourceTree = SDKROOT; };
		37A35F7926F5957B00431565 /* GeometricWeatherBasic */ = {isa = PBXFileReference; lastKnownFileType = folder; path = GeometricWeatherBasic; sourceTree = "<group>"; };
		37A897922733D7A1000B42FF /* MainNavigationBarTitleView.swift */ = {isa = PBXFileReference; lastKnownFileType = sourcecode.swift; path = MainNavigationBarTitleView.swift; sourceTree = "<group>"; };
		37A897CA273B5A19000B42FF /* HourlyViewController.swift */ = {isa = PBXFileReference; lastKnownFileType = sourcecode.swift; path = HourlyViewController.swift; sourceTree = "<group>"; };
		37A897CC273B5A22000B42FF /* HourlyView.swift */ = {isa = PBXFileReference; lastKnownFileType = sourcecode.swift; path = HourlyView.swift; sourceTree = "<group>"; };
		37AA5E6F26DA235A00DBA181 /* UIViewEffect.swift */ = {isa = PBXFileReference; lastKnownFileType = sourcecode.swift; path = UIViewEffect.swift; sourceTree = "<group>"; };
		37AA5E7626DA3C4900DBA181 /* SearchResultController.swift */ = {isa = PBXFileReference; lastKnownFileType = sourcecode.swift; path = SearchResultController.swift; sourceTree = "<group>"; };
		37AA5E7E26DB744E00DBA181 /* JXMovableCellTableView.h */ = {isa = PBXFileReference; lastKnownFileType = sourcecode.c.h; path = JXMovableCellTableView.h; sourceTree = "<group>"; };
		37AA5E7F26DB744E00DBA181 /* JXMovableCellTableView.m */ = {isa = PBXFileReference; lastKnownFileType = sourcecode.c.objc; path = JXMovableCellTableView.m; sourceTree = "<group>"; };
		37BA825D272956F200EFADFD /* DailyView.swift */ = {isa = PBXFileReference; lastKnownFileType = sourcecode.swift; path = DailyView.swift; sourceTree = "<group>"; };
		37BA825F2729684B00EFADFD /* DailyPageController.swift */ = {isa = PBXFileReference; lastKnownFileType = sourcecode.swift; path = DailyPageController.swift; sourceTree = "<group>"; };
		37BA8261272968F400EFADFD /* DailyViewController.swift */ = {isa = PBXFileReference; lastKnownFileType = sourcecode.swift; path = DailyViewController.swift; sourceTree = "<group>"; };
		37BA8263272F84A200EFADFD /* GeoDialog+Helper.swift */ = {isa = PBXFileReference; lastKnownFileType = sourcecode.swift; path = "GeoDialog+Helper.swift"; sourceTree = "<group>"; };
		37BA82692730D1EC00EFADFD /* MainViewController.swift */ = {isa = PBXFileReference; lastKnownFileType = sourcecode.swift; path = MainViewController.swift; sourceTree = "<group>"; };
		37CF4C3726CE496000E58736 /* CircularProgressView.swift */ = {isa = PBXFileReference; lastKnownFileType = sourcecode.swift; path = CircularProgressView.swift; sourceTree = "<group>"; };
		37D237B026EF53FD00C8AFB8 /* MainTrendShaderCollectionView.swift */ = {isa = PBXFileReference; lastKnownFileType = sourcecode.swift; path = MainTrendShaderCollectionView.swift; sourceTree = "<group>"; };
		37D7AA8926B2AEB70028F67E /* en */ = {isa = PBXFileReference; lastKnownFileType = text.plist.strings; name = en; path = en.lproj/Localizable.strings; sourceTree = "<group>"; };
		37D7AA8B26B2AEB90028F67E /* zh-Hans */ = {isa = PBXFileReference; lastKnownFileType = text.plist.strings; name = "zh-Hans"; path = "zh-Hans.lproj/Localizable.strings"; sourceTree = "<group>"; };
		37D92A4126D9266D00A13C63 /* SplitManagementViewController.swift */ = {isa = PBXFileReference; lastKnownFileType = sourcecode.swift; path = SplitManagementViewController.swift; sourceTree = "<group>"; };
		37D92A4526D92D4D00A13C63 /* LocationTableViewCell.swift */ = {isa = PBXFileReference; lastKnownFileType = sourcecode.swift; path = LocationTableViewCell.swift; sourceTree = "<group>"; };
		37D9E60D2718454100209110 /* ToastHelper.swift */ = {isa = PBXFileReference; lastKnownFileType = sourcecode.swift; path = ToastHelper.swift; sourceTree = "<group>"; };
		37D9E61027185AFE00209110 /* AboutView.swift */ = {isa = PBXFileReference; lastKnownFileType = sourcecode.swift; path = AboutView.swift; sourceTree = "<group>"; };
		37D9E614271862B400209110 /* AboutViewController.swift */ = {isa = PBXFileReference; lastKnownFileType = sourcecode.swift; path = AboutViewController.swift; sourceTree = "<group>"; };
		37D9E6162719183200209110 /* AboutItemViews.swift */ = {isa = PBXFileReference; fileEncoding = 4; lastKnownFileType = sourcecode.swift; path = AboutItemViews.swift; sourceTree = "<group>"; };
		37D9E62C271D400700209110 /* GeoDialog.swift */ = {isa = PBXFileReference; lastKnownFileType = sourcecode.swift; path = GeoDialog.swift; sourceTree = "<group>"; };
		37D9E62E271D4D4600209110 /* StatementDialog.swift */ = {isa = PBXFileReference; lastKnownFileType = sourcecode.swift; path = StatementDialog.swift; sourceTree = "<group>"; };
		37E0E77A26CAA4DC0057B0EC /* MainTrendUtils.swift */ = {isa = PBXFileReference; lastKnownFileType = sourcecode.swift; path = MainTrendUtils.swift; sourceTree = "<group>"; };
		37E5D416271021A00052A690 /* DailyWidget.swift */ = {isa = PBXFileReference; lastKnownFileType = sourcecode.swift; path = DailyWidget.swift; sourceTree = "<group>"; };
		37E5D418271022550052A690 /* DailyView.swift */ = {isa = PBXFileReference; lastKnownFileType = sourcecode.swift; path = DailyView.swift; sourceTree = "<group>"; };
		37E5D41B271022D60052A690 /* HourlyView.swift */ = {isa = PBXFileReference; lastKnownFileType = sourcecode.swift; path = HourlyView.swift; sourceTree = "<group>"; };
		37E5D41D271094A10052A690 /* HomeViewController+PageIndicator.swift */ = {isa = PBXFileReference; lastKnownFileType = sourcecode.swift; path = "HomeViewController+PageIndicator.swift"; sourceTree = "<group>"; };
		37E5D41F2712FCE20052A690 /* HomeViewController+Layout.swift */ = {isa = PBXFileReference; lastKnownFileType = sourcecode.swift; path = "HomeViewController+Layout.swift"; sourceTree = "<group>"; };
		37E5D42227130BA80052A690 /* AppExtensionHelper.swift */ = {isa = PBXFileReference; lastKnownFileType = sourcecode.swift; path = AppExtensionHelper.swift; sourceTree = "<group>"; };
		37E5D428271402710052A690 /* DailyWidget2.swift */ = {isa = PBXFileReference; lastKnownFileType = sourcecode.swift; path = DailyWidget2.swift; sourceTree = "<group>"; };
		37E5D42A2714030B0052A690 /* CurrentSquareView.swift */ = {isa = PBXFileReference; lastKnownFileType = sourcecode.swift; path = CurrentSquareView.swift; sourceTree = "<group>"; };
		37E5D42C271433630052A690 /* Contants.swift */ = {isa = PBXFileReference; lastKnownFileType = sourcecode.swift; path = Contants.swift; sourceTree = "<group>"; };
		37E5D42E27145A210052A690 /* AppNotificationHelper.swift */ = {isa = PBXFileReference; lastKnownFileType = sourcecode.swift; path = AppNotificationHelper.swift; sourceTree = "<group>"; };
		37E5D4302717FEAD0052A690 /* HomeViewController+Events.swift */ = {isa = PBXFileReference; lastKnownFileType = sourcecode.swift; path = "HomeViewController+Events.swift"; sourceTree = "<group>"; };
		37FFA2BC273B72DE00220AE4 /* PresentManagementViewController+Editable.swift */ = {isa = PBXFileReference; fileEncoding = 4; lastKnownFileType = sourcecode.swift; path = "PresentManagementViewController+Editable.swift"; sourceTree = "<group>"; };
		37FFA2BD273B72DE00220AE4 /* PresentManagementViewController.swift */ = {isa = PBXFileReference; fileEncoding = 4; lastKnownFileType = sourcecode.swift; path = PresentManagementViewController.swift; sourceTree = "<group>"; };
		37FFA2C0273B732600220AE4 /* ManagementCommon.swift */ = {isa = PBXFileReference; lastKnownFileType = sourcecode.swift; path = ManagementCommon.swift; sourceTree = "<group>"; };
/* End PBXFileReference section */

/* Begin PBXFrameworksBuildPhase section */
		370BA591269C398D006BB1CE /* Frameworks */ = {
			isa = PBXFrameworksBuildPhase;
			buildActionMask = 2147483647;
			files = (
				3789E1FD26AADA14005C3C06 /* Moya in Frameworks */,
				3789E1FA26AAD85A005C3C06 /* Reachability in Frameworks */,
				37A35F8126F5BF3E00431565 /* GeometricWeatherBasic in Frameworks */,
				3789E20126AADA14005C3C06 /* RxMoya in Frameworks */,
				3789E1FF26AADA14005C3C06 /* ReactiveMoya in Frameworks */,
				3739F27626C0C7DA00EAE90A /* SnapKit in Frameworks */,
			);
			runOnlyForDeploymentPostprocessing = 0;
		};
		370BA5A2269C398F006BB1CE /* Frameworks */ = {
			isa = PBXFrameworksBuildPhase;
			buildActionMask = 2147483647;
			files = (
			);
			runOnlyForDeploymentPostprocessing = 0;
		};
		370BA5AD269C3990006BB1CE /* Frameworks */ = {
			isa = PBXFrameworksBuildPhase;
			buildActionMask = 2147483647;
			files = (
			);
			runOnlyForDeploymentPostprocessing = 0;
		};
		374BA5FA26FC78E00080B5CA /* Frameworks */ = {
			isa = PBXFrameworksBuildPhase;
			buildActionMask = 2147483647;
			files = (
				374BA5FF26FC78E00080B5CA /* SwiftUI.framework in Frameworks */,
				374BA5FE26FC78E00080B5CA /* WidgetKit.framework in Frameworks */,
				374BA62726FC894E0080B5CA /* GeometricWeatherBasic in Frameworks */,
			);
			runOnlyForDeploymentPostprocessing = 0;
		};
/* End PBXFrameworksBuildPhase section */

/* Begin PBXGroup section */
		370BA58B269C398D006BB1CE = {
			isa = PBXGroup;
			children = (
				374BA60C26FC78E10080B5CA /* GeometricWeatherWidgetExtension.entitlements */,
				37A35F7926F5957B00431565 /* GeometricWeatherBasic */,
				370BA5C8269C6091006BB1CE /* InfoPlist.strings */,
				370BA596269C398D006BB1CE /* GeometricWeather */,
				370BA5A8269C398F006BB1CE /* GeometricWeatherTests */,
				370BA5B3269C3990006BB1CE /* GeometricWeatherUITests */,
				374BA60026FC78E00080B5CA /* GeometricWeatherWidget */,
				37A35F6126F4B45300431565 /* Frameworks */,
				370BA595269C398D006BB1CE /* Products */,
			);
			sourceTree = "<group>";
		};
		370BA595269C398D006BB1CE /* Products */ = {
			isa = PBXGroup;
			children = (
				370BA594269C398D006BB1CE /* GeometricWeather.app */,
				370BA5A5269C398F006BB1CE /* GeometricWeatherTests.xctest */,
				370BA5B0269C3990006BB1CE /* GeometricWeatherUITests.xctest */,
				374BA5FD26FC78E00080B5CA /* GeometricWeatherWidgetExtension.appex */,
			);
			name = Products;
			sourceTree = "<group>";
		};
		370BA596269C398D006BB1CE /* GeometricWeather */ = {
			isa = PBXGroup;
			children = (
				3723224F26AA8DB000A11139 /* GeometricWeather.entitlements */,
				370BA5CA269C629C006BB1CE /* Common */,
				37D9E60F27185AE700209110 /* About */,
				3789E21C26ABDCE5005C3C06 /* Settings */,
				3761DEB226A9B92E00B0612E /* Update */,
				3786DDE2269F02BB00D407CE /* Main */,
				377B1D6526B6B93000E7E07E /* AppDelegate.swift */,
				377B1D6426B6B93000E7E07E /* SceneDelegate.swift */,
				3799F4FF26D0AE9C00B49D20 /* GeometricWeather-Bridging-Header.h */,
				370BA5C2269C5E37006BB1CE /* LaunchScreen.storyboard */,
				370BA59B269C398F006BB1CE /* Assets.xcassets */,
				370BA5A0269C398F006BB1CE /* Info.plist */,
				370BA59D269C398F006BB1CE /* Preview Content */,
				37D7AA8A26B2AEB70028F67E /* Localizable.strings */,
			);
			path = GeometricWeather;
			sourceTree = "<group>";
		};
		370BA59D269C398F006BB1CE /* Preview Content */ = {
			isa = PBXGroup;
			children = (
				370BA59E269C398F006BB1CE /* Preview Assets.xcassets */,
			);
			path = "Preview Content";
			sourceTree = "<group>";
		};
		370BA5A8269C398F006BB1CE /* GeometricWeatherTests */ = {
			isa = PBXGroup;
			children = (
				370BA5A9269C398F006BB1CE /* GeometricWeatherTests.swift */,
				370BA5AB269C398F006BB1CE /* Info.plist */,
			);
			path = GeometricWeatherTests;
			sourceTree = "<group>";
		};
		370BA5B3269C3990006BB1CE /* GeometricWeatherUITests */ = {
			isa = PBXGroup;
			children = (
				370BA5B4269C3990006BB1CE /* GeometricWeatherUITests.swift */,
				370BA5B6269C3990006BB1CE /* Info.plist */,
			);
			path = GeometricWeatherUITests;
			sourceTree = "<group>";
		};
		370BA5CA269C629C006BB1CE /* Common */ = {
			isa = PBXGroup;
			children = (
				3754FFB326F33A3B00D5A097 /* ViewControllers */,
				3786DDE7269F110600D407CE /* UI */,
				37E5D42127130B600052A690 /* Utils */,
			);
			path = Common;
			sourceTree = "<group>";
		};
		3739F27926C0D84300EAE90A /* Views */ = {
			isa = PBXGroup;
			children = (
				378CB01526BF7DED00C7BD13 /* MainTableViewHeaderView.swift */,
				3739F27726C0D83B00EAE90A /* MainTimeBarView.swift */,
				3799F51026D2561C00B49D20 /* MainDetailItemView.swift */,
				37D237B026EF53FD00C8AFB8 /* MainTrendShaderCollectionView.swift */,
				37A897922733D7A1000B42FF /* MainNavigationBarTitleView.swift */,
			);
			path = Views;
			sourceTree = "<group>";
		};
		3742CBCA26C75D88001CDCED /* Trend */ = {
			isa = PBXGroup;
			children = (
				37E0E77A26CAA4DC0057B0EC /* MainTrendUtils.swift */,
				3742CBCF26C76130001CDCED /* DailyTrendCollectionViewCell.swift */,
				37852BC426CA815B0058E353 /* HourlyTrendCollectionViewCell.swift */,
			);
			path = Trend;
			sourceTree = "<group>";
		};
		3742CBD726C896E8001CDCED /* Trend */ = {
			isa = PBXGroup;
			children = (
				3740707E26C94FEF0067BB78 /* TrendUtils.swift */,
				3742CBEB26C8DB76001CDCED /* PolylineAndHistogramView.swift */,
				3740708026C950390067BB78 /* HorizontalLinesBackgroundView.swift */,
				37543A7D2727943200BA2A14 /* BeizerPolylineView.swift */,
			);
			path = Trend;
			sourceTree = "<group>";
		};
		3749A10426E456B100EEA6A3 /* Alerts */ = {
			isa = PBXGroup;
			children = (
				3749A10526E456D300EEA6A3 /* AlertTableViewCell.swift */,
				3749A10726E4595700EEA6A3 /* AlertViewController.swift */,
			);
			path = Alerts;
			sourceTree = "<group>";
		};
		3749A10D26E4763F00EEA6A3 /* Toast */ = {
			isa = PBXGroup;
			children = (
				3749A10B26E4762800EEA6A3 /* Toast-Swift.swift */,
				3749A11026E47A8A00EEA6A3 /* ToastViews.swift */,
				37D9E60D2718454100209110 /* ToastHelper.swift */,
			);
			path = Toast;
			sourceTree = "<group>";
		};
		374BA60026FC78E00080B5CA /* GeometricWeatherWidget */ = {
			isa = PBXGroup;
			children = (
				37E5D41A271022840052A690 /* CommonUI */,
				37E5D415271021840052A690 /* Daily */,
				37E5D4252714021B0052A690 /* Daily2 */,
				374BA61B26FC88F20080B5CA /* Weather */,
				374BA60126FC78E00080B5CA /* GeometricWeatherWidget.swift */,
				374BA60326FC78E00080B5CA /* GeometricWeatherWidget.intentdefinition */,
				374BA60426FC78E10080B5CA /* Assets.xcassets */,
				374BA60626FC78E10080B5CA /* Info.plist */,
				374BA62C26FC89E10080B5CA /* Localizable.strings */,
			);
			path = GeometricWeatherWidget;
			sourceTree = "<group>";
		};
		374BA61B26FC88F20080B5CA /* Weather */ = {
			isa = PBXGroup;
			children = (
				374BA62E26FC8AC30080B5CA /* WeatherWidget.swift */,
				374BA62026FC89170080B5CA /* WeatherWidgetSmallView.swift */,
				374BA61F26FC89170080B5CA /* WeatherWidgetMediumView.swift */,
				374BA61E26FC89170080B5CA /* WeatherWidgetLargeView.swift */,
			);
			path = Weather;
			sourceTree = "<group>";
		};
		37543A722720163100BA2A14 /* CaiYun */ = {
			isa = PBXGroup;
			children = (
				37543A732720164C00BA2A14 /* CaiYunApi.swift */,
				37543A7727202A9D00BA2A14 /* CaiYunConvert.swift */,
				37543A75272028F100BA2A14 /* CaiYunJson.swift */,
			);
			path = CaiYun;
			sourceTree = "<group>";
		};
		37543A7927224DE700BA2A14 /* Daily */ = {
			isa = PBXGroup;
			children = (
				37BA825D272956F200EFADFD /* DailyView.swift */,
				37BA825F2729684B00EFADFD /* DailyPageController.swift */,
				37BA8261272968F400EFADFD /* DailyViewController.swift */,
			);
			path = Daily;
			sourceTree = "<group>";
		};
		37543A7A27224E2200BA2A14 /* Hourly */ = {
			isa = PBXGroup;
			children = (
				37A897CC273B5A22000B42FF /* HourlyView.swift */,
				37543A7B27224E3900BA2A14 /* HourlyDialog.swift */,
				37A897CA273B5A19000B42FF /* HourlyViewController.swift */,
			);
			path = Hourly;
			sourceTree = "<group>";
		};
		3754FFB326F33A3B00D5A097 /* ViewControllers */ = {
			isa = PBXGroup;
			children = (
				378CB01226BF710600C7BD13 /* GeoNavigationController.swift */,
				3754FFB426F33A4E00D5A097 /* GeoViewController.swift */,
			);
			path = ViewControllers;
			sourceTree = "<group>";
		};
		3761DEB226A9B92E00B0612E /* Update */ = {
			isa = PBXGroup;
			children = (
				3761DEB326A9B99300B0612E /* Location */,
				3761DEB426A9B99B00B0612E /* Weather */,
				3789E21F26AC0D2A005C3C06 /* UpdateHelper.swift */,
				3749A0FE26E25B0500EEA6A3 /* PollingBackgroundTask.swift */,
			);
			path = Update;
			sourceTree = "<group>";
		};
		3761DEB326A9B99300B0612E /* Location */ = {
			isa = PBXGroup;
			children = (
				3761DEB526A9B9AD00B0612E /* LocationHelper.swift */,
			);
			path = Location;
			sourceTree = "<group>";
		};
		3761DEB426A9B99B00B0612E /* Weather */ = {
			isa = PBXGroup;
			children = (
				37543A722720163100BA2A14 /* CaiYun */,
				3789E20226AADA21005C3C06 /* Accu */,
				3789E20526AAEEA4005C3C06 /* WeatherApi.swift */,
				3749731027BB91B5009D8AD5 /* WeatherKeywords.swift */,
				3789E21A26ABD9A1005C3C06 /* ConvertUtils.swift */,
			);
			path = Weather;
			sourceTree = "<group>";
		};
		3766725126D0A26A00C34188 /* UICountingLabel */ = {
			isa = PBXGroup;
			children = (
				3766725326D0A28E00C34188 /* UICountingLabel.h */,
				3766725426D0A28E00C34188 /* UICountingLabel.m */,
			);
			path = UICountingLabel;
			sourceTree = "<group>";
		};
		3786DDE2269F02BB00D407CE /* Main */ = {
			isa = PBXGroup;
			children = (
				3749A10426E456B100EEA6A3 /* Alerts */,
				37AA5E7226DA39CC00DBA181 /* Management */,
				37543A7927224DE700BA2A14 /* Daily */,
				37543A7A27224E2200BA2A14 /* Hourly */,
				37AA5E7126DA39C500DBA181 /* Home */,
				37BA82692730D1EC00EFADFD /* MainViewController.swift */,
				3789E27326AD9984005C3C06 /* MainViewModel.swift */,
				3789E27726ADA713005C3C06 /* MainRepository.swift */,
				3789E27526AD9A0C005C3C06 /* MainModels.swift */,
			);
			path = Main;
			sourceTree = "<group>";
		};
		3786DDE7269F110600D407CE /* UI */ = {
			isa = PBXGroup;
			children = (
				3766725126D0A26A00C34188 /* UICountingLabel */,
				37AA5E7D26DB742C00DBA181 /* JXMovableCellTableView */,
				37D9E62B271D3FEC00209110 /* Dialog */,
				3749A10D26E4763F00EEA6A3 /* Toast */,
				3742CBD726C896E8001CDCED /* Trend */,
				37CF4C3926CE496600E58736 /* ProgressView */,
				3799F50726D101E400B49D20 /* SunMoon */,
				378CB00A26BD80DD00C7BD13 /* DragSwitchView.swift */,
				3749A0FC26E1F7C700EEA6A3 /* DotPagerIndicator.swift */,
				378CB02526BFE43500C7BD13 /* StaggeredCellAnimation.swift */,
				37AA5E6F26DA235A00DBA181 /* UIViewEffect.swift */,
				3749A11226E4950E00EEA6A3 /* CornerButton.swift */,
				3749731427BBB407009D8AD5 /* UIRefreshControlExt.swift */,
			);
			path = UI;
			sourceTree = "<group>";
		};
		3789E20226AADA21005C3C06 /* Accu */ = {
			isa = PBXGroup;
			children = (
				3789E20326AADA32005C3C06 /* AccuApi.swift */,
				3789E21626ABA9FF005C3C06 /* AccuConvert.swift */,
				3789E21126AB0DE1005C3C06 /* AccuJson.swift */,
			);
			path = Accu;
			sourceTree = "<group>";
		};
		3789E21C26ABDCE5005C3C06 /* Settings */ = {
			isa = PBXGroup;
			children = (
				377647E426F1988800B82BB2 /* SettingsView.swift */,
				377647E926F1CB3D00B82BB2 /* SettingsCellViews.swift */,
				377647E726F1C7E600B82BB2 /* SettingsTextViews.swift */,
				377647ED26F1F4D400B82BB2 /* SettingsViewController.swift */,
			);
			path = Settings;
			sourceTree = "<group>";
		};
		378CB01426BF7DC200C7BD13 /* Cells */ = {
			isa = PBXGroup;
			children = (
				3742CBCA26C75D88001CDCED /* Trend */,
				3799F51426D282A100B49D20 /* Allergen */,
				378CB01D26BF966500C7BD13 /* MainTableViewCell.swift */,
				378CB02326BFC50800C7BD13 /* MainDailyCardCell.swift */,
				37852BC226CA7C0F0058E353 /* MainHourlyCardCell.swift */,
				3766724F26CFEF9B00C34188 /* MainAirQualityCardCell.swift */,
				3799F51226D2802E00B49D20 /* MainAllergenCardCell.swift */,
				3799F50A26D10C9300B49D20 /* MainSunMoonCardCell.swift */,
				3799F50E26D255C300B49D20 /* MainDetailsCardCell.swift */,
			);
			path = Cells;
			sourceTree = "<group>";
		};
		3799F50726D101E400B49D20 /* SunMoon */ = {
			isa = PBXGroup;
			children = (
				3799F50826D1020800B49D20 /* SunMoonPathView.swift */,
				3799F50C26D225A400B49D20 /* MoonPhaseView.swift */,
			);
			path = SunMoon;
			sourceTree = "<group>";
		};
		3799F51426D282A100B49D20 /* Allergen */ = {
			isa = PBXGroup;
			children = (
				3799F51526D282BB00B49D20 /* AllergenCollectionViewCell.swift */,
			);
			path = Allergen;
			sourceTree = "<group>";
		};
		37A35F6126F4B45300431565 /* Frameworks */ = {
			isa = PBXGroup;
			children = (
				37A35F6226F4B45300431565 /* WidgetKit.framework */,
				37A35F6426F4B45300431565 /* SwiftUI.framework */,
				374BA63526FC8FD90080B5CA /* Intents.framework */,
				374BA64026FC8FD90080B5CA /* IntentsUI.framework */,
			);
			name = Frameworks;
			sourceTree = "<group>";
		};
		37AA5E7126DA39C500DBA181 /* Home */ = {
			isa = PBXGroup;
			children = (
				3739F27926C0D84300EAE90A /* Views */,
				378CB01426BF7DC200C7BD13 /* Cells */,
				377B1D6826B6BCA700E7E07E /* HomeViewController.swift */,
				37E5D41F2712FCE20052A690 /* HomeViewController+Layout.swift */,
				378CB01726BF7EEA00C7BD13 /* HomeViewController+UITableView.swift */,
				37E5D41D271094A10052A690 /* HomeViewController+PageIndicator.swift */,
				37E5D4302717FEAD0052A690 /* HomeViewController+Events.swift */,
			);
			path = Home;
			sourceTree = "<group>";
		};
		37AA5E7226DA39CC00DBA181 /* Management */ = {
			isa = PBXGroup;
			children = (
				37D92A4526D92D4D00A13C63 /* LocationTableViewCell.swift */,
				37FFA2C0273B732600220AE4 /* ManagementCommon.swift */,
				37FFA2BB273B72B200220AE4 /* Present */,
				37FFA2BA273B71F400220AE4 /* Split */,
				37FFA2B9273B71D400220AE4 /* Result */,
			);
			path = Management;
			sourceTree = "<group>";
		};
		37AA5E7D26DB742C00DBA181 /* JXMovableCellTableView */ = {
			isa = PBXGroup;
			children = (
				37AA5E7E26DB744E00DBA181 /* JXMovableCellTableView.h */,
				37AA5E7F26DB744E00DBA181 /* JXMovableCellTableView.m */,
			);
			path = JXMovableCellTableView;
			sourceTree = "<group>";
		};
		37CF4C3926CE496600E58736 /* ProgressView */ = {
			isa = PBXGroup;
			children = (
				37CF4C3726CE496000E58736 /* CircularProgressView.swift */,
				3799F50526D0EACE00B49D20 /* LinearProgressView.swift */,
			);
			path = ProgressView;
			sourceTree = "<group>";
		};
		37D9E60F27185AE700209110 /* About */ = {
			isa = PBXGroup;
			children = (
				37D9E61027185AFE00209110 /* AboutView.swift */,
				37D9E6162719183200209110 /* AboutItemViews.swift */,
				37D9E614271862B400209110 /* AboutViewController.swift */,
			);
			path = About;
			sourceTree = "<group>";
		};
		37D9E62B271D3FEC00209110 /* Dialog */ = {
			isa = PBXGroup;
			children = (
				37D9E62C271D400700209110 /* GeoDialog.swift */,
				37D9E62E271D4D4600209110 /* StatementDialog.swift */,
				37BA8263272F84A200EFADFD /* GeoDialog+Helper.swift */,
			);
			path = Dialog;
			sourceTree = "<group>";
		};
		37E5D415271021840052A690 /* Daily */ = {
			isa = PBXGroup;
			children = (
				37E5D416271021A00052A690 /* DailyWidget.swift */,
			);
			path = Daily;
			sourceTree = "<group>";
		};
		37E5D41A271022840052A690 /* CommonUI */ = {
			isa = PBXGroup;
			children = (
				37E5D42C271433630052A690 /* Contants.swift */,
				37E5D42A2714030B0052A690 /* CurrentSquareView.swift */,
				37E5D418271022550052A690 /* DailyView.swift */,
				37E5D41B271022D60052A690 /* HourlyView.swift */,
				374BA61C26FC89160080B5CA /* ItemViews.swift */,
			);
			path = CommonUI;
			sourceTree = "<group>";
		};
		37E5D42127130B600052A690 /* Utils */ = {
			isa = PBXGroup;
			children = (
				37E5D42227130BA80052A690 /* AppExtensionHelper.swift */,
				37E5D42E27145A210052A690 /* AppNotificationHelper.swift */,
			);
			path = Utils;
			sourceTree = "<group>";
		};
		37E5D4252714021B0052A690 /* Daily2 */ = {
			isa = PBXGroup;
			children = (
				37E5D428271402710052A690 /* DailyWidget2.swift */,
			);
			path = Daily2;
			sourceTree = "<group>";
		};
		37FFA2B9273B71D400220AE4 /* Result */ = {
			isa = PBXGroup;
			children = (
				37AA5E7626DA3C4900DBA181 /* SearchResultController.swift */,
				372D4A262732A470002F4F17 /* SearchTableViewCell.swift */,
			);
			path = Result;
			sourceTree = "<group>";
		};
		37FFA2BA273B71F400220AE4 /* Split */ = {
			isa = PBXGroup;
			children = (
				37D92A4126D9266D00A13C63 /* SplitManagementViewController.swift */,
				3749A10926E46B3C00EEA6A3 /* SplitManagementViewController+Editable.swift */,
			);
			path = Split;
			sourceTree = "<group>";
		};
		37FFA2BB273B72B200220AE4 /* Present */ = {
			isa = PBXGroup;
			children = (
				37FFA2BD273B72DE00220AE4 /* PresentManagementViewController.swift */,
				37FFA2BC273B72DE00220AE4 /* PresentManagementViewController+Editable.swift */,
			);
			path = Present;
			sourceTree = "<group>";
		};
/* End PBXGroup section */

/* Begin PBXNativeTarget section */
		370BA593269C398D006BB1CE /* GeometricWeather */ = {
			isa = PBXNativeTarget;
			buildConfigurationList = 370BA5B9269C3990006BB1CE /* Build configuration list for PBXNativeTarget "GeometricWeather" */;
			buildPhases = (
				370BA590269C398D006BB1CE /* Sources */,
				370BA591269C398D006BB1CE /* Frameworks */,
				370BA592269C398D006BB1CE /* Resources */,
				37A35F7626F4B45400431565 /* Embed App Extensions */,
			);
			buildRules = (
			);
			dependencies = (
				374BA60A26FC78E10080B5CA /* PBXTargetDependency */,
			);
			name = GeometricWeather;
			packageProductDependencies = (
				3789E1F926AAD85A005C3C06 /* Reachability */,
				3789E1FC26AADA14005C3C06 /* Moya */,
				3789E1FE26AADA14005C3C06 /* ReactiveMoya */,
				3789E20026AADA14005C3C06 /* RxMoya */,
				3739F27526C0C7DA00EAE90A /* SnapKit */,
				37A35F8026F5BF3E00431565 /* GeometricWeatherBasic */,
			);
			productName = GeometricWeather;
			productReference = 370BA594269C398D006BB1CE /* GeometricWeather.app */;
			productType = "com.apple.product-type.application";
		};
		370BA5A4269C398F006BB1CE /* GeometricWeatherTests */ = {
			isa = PBXNativeTarget;
			buildConfigurationList = 370BA5BC269C3990006BB1CE /* Build configuration list for PBXNativeTarget "GeometricWeatherTests" */;
			buildPhases = (
				370BA5A1269C398F006BB1CE /* Sources */,
				370BA5A2269C398F006BB1CE /* Frameworks */,
				370BA5A3269C398F006BB1CE /* Resources */,
			);
			buildRules = (
			);
			dependencies = (
				370BA5A7269C398F006BB1CE /* PBXTargetDependency */,
			);
			name = GeometricWeatherTests;
			productName = GeometricWeatherTests;
			productReference = 370BA5A5269C398F006BB1CE /* GeometricWeatherTests.xctest */;
			productType = "com.apple.product-type.bundle.unit-test";
		};
		370BA5AF269C3990006BB1CE /* GeometricWeatherUITests */ = {
			isa = PBXNativeTarget;
			buildConfigurationList = 370BA5BF269C3990006BB1CE /* Build configuration list for PBXNativeTarget "GeometricWeatherUITests" */;
			buildPhases = (
				370BA5AC269C3990006BB1CE /* Sources */,
				370BA5AD269C3990006BB1CE /* Frameworks */,
				370BA5AE269C3990006BB1CE /* Resources */,
			);
			buildRules = (
			);
			dependencies = (
				370BA5B2269C3990006BB1CE /* PBXTargetDependency */,
			);
			name = GeometricWeatherUITests;
			productName = GeometricWeatherUITests;
			productReference = 370BA5B0269C3990006BB1CE /* GeometricWeatherUITests.xctest */;
			productType = "com.apple.product-type.bundle.ui-testing";
		};
		374BA5FC26FC78E00080B5CA /* GeometricWeatherWidgetExtension */ = {
			isa = PBXNativeTarget;
			buildConfigurationList = 374BA60D26FC78E10080B5CA /* Build configuration list for PBXNativeTarget "GeometricWeatherWidgetExtension" */;
			buildPhases = (
				374BA5F926FC78E00080B5CA /* Sources */,
				374BA5FA26FC78E00080B5CA /* Frameworks */,
				374BA5FB26FC78E00080B5CA /* Resources */,
			);
			buildRules = (
			);
			dependencies = (
			);
			name = GeometricWeatherWidgetExtension;
			packageProductDependencies = (
				374BA62626FC894E0080B5CA /* GeometricWeatherBasic */,
			);
			productName = GeometricWeatherWidgetExtension;
			productReference = 374BA5FD26FC78E00080B5CA /* GeometricWeatherWidgetExtension.appex */;
			productType = "com.apple.product-type.app-extension";
		};
/* End PBXNativeTarget section */

/* Begin PBXProject section */
		370BA58C269C398D006BB1CE /* Project object */ = {
			isa = PBXProject;
			attributes = {
				LastSwiftUpdateCheck = 1300;
				LastUpgradeCheck = 1300;
				TargetAttributes = {
					370BA593269C398D006BB1CE = {
						CreatedOnToolsVersion = 12.5.1;
						LastSwiftMigration = 1300;
					};
					370BA5A4269C398F006BB1CE = {
						CreatedOnToolsVersion = 12.5.1;
						TestTargetID = 370BA593269C398D006BB1CE;
					};
					370BA5AF269C3990006BB1CE = {
						CreatedOnToolsVersion = 12.5.1;
						TestTargetID = 370BA593269C398D006BB1CE;
					};
					374BA5FC26FC78E00080B5CA = {
						CreatedOnToolsVersion = 13.0;
					};
				};
			};
			buildConfigurationList = 370BA58F269C398D006BB1CE /* Build configuration list for PBXProject "GeometricWeather" */;
			compatibilityVersion = "Xcode 13.0";
			developmentRegion = en;
			hasScannedForEncodings = 0;
			knownRegions = (
				en,
				"zh-Hans",
				Base,
			);
			mainGroup = 370BA58B269C398D006BB1CE;
			packageReferences = (
				3789E1F826AAD85A005C3C06 /* XCRemoteSwiftPackageReference "Reachability" */,
				3789E1FB26AADA14005C3C06 /* XCRemoteSwiftPackageReference "Moya" */,
				3739F27426C0C7D900EAE90A /* XCRemoteSwiftPackageReference "SnapKit" */,
				37CCA443271FBB880034D247 /* XCRemoteSwiftPackageReference "Then" */,
			);
			productRefGroup = 370BA595269C398D006BB1CE /* Products */;
			projectDirPath = "";
			projectRoot = "";
			targets = (
				370BA593269C398D006BB1CE /* GeometricWeather */,
				370BA5A4269C398F006BB1CE /* GeometricWeatherTests */,
				370BA5AF269C3990006BB1CE /* GeometricWeatherUITests */,
				374BA5FC26FC78E00080B5CA /* GeometricWeatherWidgetExtension */,
			);
		};
/* End PBXProject section */

/* Begin PBXResourcesBuildPhase section */
		370BA592269C398D006BB1CE /* Resources */ = {
			isa = PBXResourcesBuildPhase;
			buildActionMask = 2147483647;
			files = (
				37D7AA8826B2AEB70028F67E /* Localizable.strings in Resources */,
				370BA5C3269C5E37006BB1CE /* LaunchScreen.storyboard in Resources */,
				370BA5C6269C6091006BB1CE /* InfoPlist.strings in Resources */,
				370BA59F269C398F006BB1CE /* Preview Assets.xcassets in Resources */,
				370BA59C269C398F006BB1CE /* Assets.xcassets in Resources */,
			);
			runOnlyForDeploymentPostprocessing = 0;
		};
		370BA5A3269C398F006BB1CE /* Resources */ = {
			isa = PBXResourcesBuildPhase;
			buildActionMask = 2147483647;
			files = (
			);
			runOnlyForDeploymentPostprocessing = 0;
		};
		370BA5AE269C3990006BB1CE /* Resources */ = {
			isa = PBXResourcesBuildPhase;
			buildActionMask = 2147483647;
			files = (
			);
			runOnlyForDeploymentPostprocessing = 0;
		};
		374BA5FB26FC78E00080B5CA /* Resources */ = {
			isa = PBXResourcesBuildPhase;
			buildActionMask = 2147483647;
			files = (
				374BA60526FC78E10080B5CA /* Assets.xcassets in Resources */,
				374BA62A26FC89E10080B5CA /* Localizable.strings in Resources */,
			);
			runOnlyForDeploymentPostprocessing = 0;
		};
/* End PBXResourcesBuildPhase section */

/* Begin PBXSourcesBuildPhase section */
		370BA590269C398D006BB1CE /* Sources */ = {
			isa = PBXSourcesBuildPhase;
			buildActionMask = 2147483647;
			files = (
				3766725526D0A28E00C34188 /* UICountingLabel.m in Sources */,
				378CB01326BF710600C7BD13 /* GeoNavigationController.swift in Sources */,
				37D92A4626D92D4D00A13C63 /* LocationTableViewCell.swift in Sources */,
				3789E20426AADA32005C3C06 /* AccuApi.swift in Sources */,
				3740707F26C94FEF0067BB78 /* TrendUtils.swift in Sources */,
				378CB01826BF7EEA00C7BD13 /* HomeViewController+UITableView.swift in Sources */,
				37A897932733D7A1000B42FF /* MainNavigationBarTitleView.swift in Sources */,
				3799F51326D2802E00B49D20 /* MainAllergenCardCell.swift in Sources */,
				37D237B126EF53FE00C8AFB8 /* MainTrendShaderCollectionView.swift in Sources */,
				377647E826F1C7E600B82BB2 /* SettingsTextViews.swift in Sources */,
				37E5D41E271094A10052A690 /* HomeViewController+PageIndicator.swift in Sources */,
				3749A11126E47A8A00EEA6A3 /* ToastViews.swift in Sources */,
				37AA5E8026DB744E00DBA181 /* JXMovableCellTableView.m in Sources */,
				377B1D6726B6B93000E7E07E /* AppDelegate.swift in Sources */,
				37852BC326CA7C0F0058E353 /* MainHourlyCardCell.swift in Sources */,
				37E5D4202712FCE20052A690 /* HomeViewController+Layout.swift in Sources */,
				37A897CB273B5A19000B42FF /* HourlyViewController.swift in Sources */,
				37D9E62F271D4D4600209110 /* StatementDialog.swift in Sources */,
				37E5D42327130BA80052A690 /* AppExtensionHelper.swift in Sources */,
				3740708126C950390067BB78 /* HorizontalLinesBackgroundView.swift in Sources */,
				3789E27426AD9984005C3C06 /* MainViewModel.swift in Sources */,
				3799F51126D2561C00B49D20 /* MainDetailItemView.swift in Sources */,
				3789E21726ABA9FF005C3C06 /* AccuConvert.swift in Sources */,
				37D92A4226D9266D00A13C63 /* SplitManagementViewController.swift in Sources */,
				37543A76272028F100BA2A14 /* CaiYunJson.swift in Sources */,
				3799F51626D282BB00B49D20 /* AllergenCollectionViewCell.swift in Sources */,
				378CB01626BF7DED00C7BD13 /* MainTableViewHeaderView.swift in Sources */,
				37543A7E2727943200BA2A14 /* BeizerPolylineView.swift in Sources */,
				3789E22026AC0D2A005C3C06 /* UpdateHelper.swift in Sources */,
				37E0E77B26CAA4DC0057B0EC /* MainTrendUtils.swift in Sources */,
				378CB02626BFE43500C7BD13 /* StaggeredCellAnimation.swift in Sources */,
				37D9E615271862B400209110 /* AboutViewController.swift in Sources */,
				3799F50B26D10C9300B49D20 /* MainSunMoonCardCell.swift in Sources */,
				3799F50D26D225A500B49D20 /* MoonPhaseView.swift in Sources */,
				3742CBD026C76130001CDCED /* DailyTrendCollectionViewCell.swift in Sources */,
				377B1D6626B6B93000E7E07E /* SceneDelegate.swift in Sources */,
				3789E21226AB0DE1005C3C06 /* AccuJson.swift in Sources */,
				3739F27826C0D83B00EAE90A /* MainTimeBarView.swift in Sources */,
				377647EE26F1F4D400B82BB2 /* SettingsViewController.swift in Sources */,
				374BA60826FC78E10080B5CA /* GeometricWeatherWidget.intentdefinition in Sources */,
				37D9E6172719183200209110 /* AboutItemViews.swift in Sources */,
				37BA826A2730D1EC00EFADFD /* MainViewController.swift in Sources */,
				3749A0FD26E1F7C700EEA6A3 /* DotPagerIndicator.swift in Sources */,
				3799F50926D1020800B49D20 /* SunMoonPathView.swift in Sources */,
				3789E21B26ABD9A1005C3C06 /* ConvertUtils.swift in Sources */,
				3749A0FF26E25B0500EEA6A3 /* PollingBackgroundTask.swift in Sources */,
				3742CBEC26C8DB76001CDCED /* PolylineAndHistogramView.swift in Sources */,
				3761DEB626A9B9AD00B0612E /* LocationHelper.swift in Sources */,
				3789E20626AAEEA4005C3C06 /* WeatherApi.swift in Sources */,
				3799F50626D0EACE00B49D20 /* LinearProgressView.swift in Sources */,
				37543A7827202A9D00BA2A14 /* CaiYunConvert.swift in Sources */,
				37E5D42F27145A210052A690 /* AppNotificationHelper.swift in Sources */,
				3754FFB526F33A4E00D5A097 /* GeoViewController.swift in Sources */,
				37AA5E7726DA3C4900DBA181 /* SearchResultController.swift in Sources */,
				377647E526F1988800B82BB2 /* SettingsView.swift in Sources */,
				37543A742720164C00BA2A14 /* CaiYunApi.swift in Sources */,
				37FFA2C1273B732600220AE4 /* ManagementCommon.swift in Sources */,
				37D9E61127185AFE00209110 /* AboutView.swift in Sources */,
				37E5D4312717FEAD0052A690 /* HomeViewController+Events.swift in Sources */,
				378CB00B26BD80DD00C7BD13 /* DragSwitchView.swift in Sources */,
				37BA8262272968F400EFADFD /* DailyViewController.swift in Sources */,
				37AA5E7026DA235A00DBA181 /* UIViewEffect.swift in Sources */,
				378CB02426BFC50800C7BD13 /* MainDailyCardCell.swift in Sources */,
				37FFA2BE273B72DE00220AE4 /* PresentManagementViewController+Editable.swift in Sources */,
				37BA8264272F84A200EFADFD /* GeoDialog+Helper.swift in Sources */,
				377647EA26F1CB3D00B82BB2 /* SettingsCellViews.swift in Sources */,
				3789E27826ADA713005C3C06 /* MainRepository.swift in Sources */,
				372D4A272732A470002F4F17 /* SearchTableViewCell.swift in Sources */,
				3766725026CFEF9B00C34188 /* MainAirQualityCardCell.swift in Sources */,
				37852BC526CA815C0058E353 /* HourlyTrendCollectionViewCell.swift in Sources */,
				378CB01E26BF966500C7BD13 /* MainTableViewCell.swift in Sources */,
				3789E27626AD9A0C005C3C06 /* MainModels.swift in Sources */,
				3749731527BBB407009D8AD5 /* UIRefreshControlExt.swift in Sources */,
				37BA825E272956F200EFADFD /* DailyView.swift in Sources */,
				3749A10626E456D300EEA6A3 /* AlertTableViewCell.swift in Sources */,
				3749A11326E4950E00EEA6A3 /* CornerButton.swift in Sources */,
				377B1D6926B6BCA700E7E07E /* HomeViewController.swift in Sources */,
				37CF4C3826CE496000E58736 /* CircularProgressView.swift in Sources */,
				3749A10A26E46B3C00EEA6A3 /* SplitManagementViewController+Editable.swift in Sources */,
				37BA82602729684B00EFADFD /* DailyPageController.swift in Sources */,
				37543A7C27224E3900BA2A14 /* HourlyDialog.swift in Sources */,
				3749731127BB91B5009D8AD5 /* WeatherKeywords.swift in Sources */,
				3749A10826E4595700EEA6A3 /* AlertViewController.swift in Sources */,
				37D9E62D271D400700209110 /* GeoDialog.swift in Sources */,
				37D9E60E2718454100209110 /* ToastHelper.swift in Sources */,
				37A897CD273B5A22000B42FF /* HourlyView.swift in Sources */,
				3749A10C26E4762800EEA6A3 /* Toast-Swift.swift in Sources */,
				37FFA2BF273B72DE00220AE4 /* PresentManagementViewController.swift in Sources */,
				3799F50F26D255C300B49D20 /* MainDetailsCardCell.swift in Sources */,
			);
			runOnlyForDeploymentPostprocessing = 0;
		};
		370BA5A1269C398F006BB1CE /* Sources */ = {
			isa = PBXSourcesBuildPhase;
			buildActionMask = 2147483647;
			files = (
				370BA5AA269C398F006BB1CE /* GeometricWeatherTests.swift in Sources */,
			);
			runOnlyForDeploymentPostprocessing = 0;
		};
		370BA5AC269C3990006BB1CE /* Sources */ = {
			isa = PBXSourcesBuildPhase;
			buildActionMask = 2147483647;
			files = (
				370BA5B5269C3990006BB1CE /* GeometricWeatherUITests.swift in Sources */,
			);
			runOnlyForDeploymentPostprocessing = 0;
		};
		374BA5F926FC78E00080B5CA /* Sources */ = {
			isa = PBXSourcesBuildPhase;
			buildActionMask = 2147483647;
			files = (
				374BA62426FC89170080B5CA /* WeatherWidgetMediumView.swift in Sources */,
				374BA62326FC89170080B5CA /* WeatherWidgetLargeView.swift in Sources */,
				374BA62F26FC8AC30080B5CA /* WeatherWidget.swift in Sources */,
				37E5D42D271433630052A690 /* Contants.swift in Sources */,
				37E5D417271021A00052A690 /* DailyWidget.swift in Sources */,
				374BA60226FC78E00080B5CA /* GeometricWeatherWidget.swift in Sources */,
				37E5D429271402710052A690 /* DailyWidget2.swift in Sources */,
				374BA62526FC89170080B5CA /* WeatherWidgetSmallView.swift in Sources */,
				37E5D42B2714030B0052A690 /* CurrentSquareView.swift in Sources */,
				374BA62126FC89170080B5CA /* ItemViews.swift in Sources */,
				37E5D419271022550052A690 /* DailyView.swift in Sources */,
				37E5D41C271022D60052A690 /* HourlyView.swift in Sources */,
				374BA60726FC78E10080B5CA /* GeometricWeatherWidget.intentdefinition in Sources */,
			);
			runOnlyForDeploymentPostprocessing = 0;
		};
/* End PBXSourcesBuildPhase section */

/* Begin PBXTargetDependency section */
		370BA5A7269C398F006BB1CE /* PBXTargetDependency */ = {
			isa = PBXTargetDependency;
			target = 370BA593269C398D006BB1CE /* GeometricWeather */;
			targetProxy = 370BA5A6269C398F006BB1CE /* PBXContainerItemProxy */;
		};
		370BA5B2269C3990006BB1CE /* PBXTargetDependency */ = {
			isa = PBXTargetDependency;
			target = 370BA593269C398D006BB1CE /* GeometricWeather */;
			targetProxy = 370BA5B1269C3990006BB1CE /* PBXContainerItemProxy */;
		};
		374BA60A26FC78E10080B5CA /* PBXTargetDependency */ = {
			isa = PBXTargetDependency;
			target = 374BA5FC26FC78E00080B5CA /* GeometricWeatherWidgetExtension */;
			targetProxy = 374BA60926FC78E10080B5CA /* PBXContainerItemProxy */;
		};
/* End PBXTargetDependency section */

/* Begin PBXVariantGroup section */
		370BA5C8269C6091006BB1CE /* InfoPlist.strings */ = {
			isa = PBXVariantGroup;
			children = (
				370BA5C7269C6091006BB1CE /* en */,
				370BA5C9269C609B006BB1CE /* zh-Hans */,
			);
			name = InfoPlist.strings;
			sourceTree = "<group>";
		};
		374BA62C26FC89E10080B5CA /* Localizable.strings */ = {
			isa = PBXVariantGroup;
			children = (
				374BA62B26FC89E10080B5CA /* en */,
				374BA62D26FC89E50080B5CA /* zh-Hans */,
			);
			name = Localizable.strings;
			sourceTree = "<group>";
		};
		37D7AA8A26B2AEB70028F67E /* Localizable.strings */ = {
			isa = PBXVariantGroup;
			children = (
				37D7AA8926B2AEB70028F67E /* en */,
				37D7AA8B26B2AEB90028F67E /* zh-Hans */,
			);
			name = Localizable.strings;
			sourceTree = "<group>";
		};
/* End PBXVariantGroup section */

/* Begin XCBuildConfiguration section */
		370BA5B7269C3990006BB1CE /* Debug */ = {
			isa = XCBuildConfiguration;
			buildSettings = {
				ALWAYS_SEARCH_USER_PATHS = NO;
				CLANG_ANALYZER_LOCALIZABILITY_NONLOCALIZED = YES;
				CLANG_ANALYZER_NONNULL = YES;
				CLANG_ANALYZER_NUMBER_OBJECT_CONVERSION = YES_AGGRESSIVE;
				CLANG_CXX_LANGUAGE_STANDARD = "gnu++14";
				CLANG_CXX_LIBRARY = "libc++";
				CLANG_ENABLE_MODULES = YES;
				CLANG_ENABLE_OBJC_ARC = YES;
				CLANG_ENABLE_OBJC_WEAK = YES;
				CLANG_WARN_BLOCK_CAPTURE_AUTORELEASING = YES;
				CLANG_WARN_BOOL_CONVERSION = YES;
				CLANG_WARN_COMMA = YES;
				CLANG_WARN_CONSTANT_CONVERSION = YES;
				CLANG_WARN_DEPRECATED_OBJC_IMPLEMENTATIONS = YES;
				CLANG_WARN_DIRECT_OBJC_ISA_USAGE = YES_ERROR;
				CLANG_WARN_DOCUMENTATION_COMMENTS = YES;
				CLANG_WARN_EMPTY_BODY = YES;
				CLANG_WARN_ENUM_CONVERSION = YES;
				CLANG_WARN_INFINITE_RECURSION = YES;
				CLANG_WARN_INT_CONVERSION = YES;
				CLANG_WARN_NON_LITERAL_NULL_CONVERSION = YES;
				CLANG_WARN_OBJC_IMPLICIT_RETAIN_SELF = YES;
				CLANG_WARN_OBJC_LITERAL_CONVERSION = YES;
				CLANG_WARN_OBJC_ROOT_CLASS = YES_ERROR;
				CLANG_WARN_QUOTED_INCLUDE_IN_FRAMEWORK_HEADER = YES;
				CLANG_WARN_RANGE_LOOP_ANALYSIS = YES;
				CLANG_WARN_STRICT_PROTOTYPES = YES;
				CLANG_WARN_SUSPICIOUS_MOVE = YES;
				CLANG_WARN_UNGUARDED_AVAILABILITY = YES_AGGRESSIVE;
				CLANG_WARN_UNREACHABLE_CODE = YES;
				CLANG_WARN__DUPLICATE_METHOD_MATCH = YES;
				COPY_PHASE_STRIP = NO;
				DEBUG_INFORMATION_FORMAT = dwarf;
				ENABLE_STRICT_OBJC_MSGSEND = YES;
				ENABLE_TESTABILITY = YES;
				GCC_C_LANGUAGE_STANDARD = gnu11;
				GCC_DYNAMIC_NO_PIC = NO;
				GCC_NO_COMMON_BLOCKS = YES;
				GCC_OPTIMIZATION_LEVEL = 0;
				GCC_PREPROCESSOR_DEFINITIONS = (
					"DEBUG=1",
					"$(inherited)",
				);
				GCC_WARN_64_TO_32_BIT_CONVERSION = YES;
				GCC_WARN_ABOUT_RETURN_TYPE = YES_ERROR;
				GCC_WARN_UNDECLARED_SELECTOR = YES;
				GCC_WARN_UNINITIALIZED_AUTOS = YES_AGGRESSIVE;
				GCC_WARN_UNUSED_FUNCTION = YES;
				GCC_WARN_UNUSED_VARIABLE = YES;
				IPHONEOS_DEPLOYMENT_TARGET = 14.5;
				MTL_ENABLE_DEBUG_INFO = INCLUDE_SOURCE;
				MTL_FAST_MATH = YES;
				ONLY_ACTIVE_ARCH = YES;
				SDKROOT = iphoneos;
				SWIFT_ACTIVE_COMPILATION_CONDITIONS = DEBUG;
				SWIFT_OPTIMIZATION_LEVEL = "-Onone";
			};
			name = Debug;
		};
		370BA5B8269C3990006BB1CE /* Release */ = {
			isa = XCBuildConfiguration;
			buildSettings = {
				ALWAYS_SEARCH_USER_PATHS = NO;
				CLANG_ANALYZER_LOCALIZABILITY_NONLOCALIZED = YES;
				CLANG_ANALYZER_NONNULL = YES;
				CLANG_ANALYZER_NUMBER_OBJECT_CONVERSION = YES_AGGRESSIVE;
				CLANG_CXX_LANGUAGE_STANDARD = "gnu++14";
				CLANG_CXX_LIBRARY = "libc++";
				CLANG_ENABLE_MODULES = YES;
				CLANG_ENABLE_OBJC_ARC = YES;
				CLANG_ENABLE_OBJC_WEAK = YES;
				CLANG_WARN_BLOCK_CAPTURE_AUTORELEASING = YES;
				CLANG_WARN_BOOL_CONVERSION = YES;
				CLANG_WARN_COMMA = YES;
				CLANG_WARN_CONSTANT_CONVERSION = YES;
				CLANG_WARN_DEPRECATED_OBJC_IMPLEMENTATIONS = YES;
				CLANG_WARN_DIRECT_OBJC_ISA_USAGE = YES_ERROR;
				CLANG_WARN_DOCUMENTATION_COMMENTS = YES;
				CLANG_WARN_EMPTY_BODY = YES;
				CLANG_WARN_ENUM_CONVERSION = YES;
				CLANG_WARN_INFINITE_RECURSION = YES;
				CLANG_WARN_INT_CONVERSION = YES;
				CLANG_WARN_NON_LITERAL_NULL_CONVERSION = YES;
				CLANG_WARN_OBJC_IMPLICIT_RETAIN_SELF = YES;
				CLANG_WARN_OBJC_LITERAL_CONVERSION = YES;
				CLANG_WARN_OBJC_ROOT_CLASS = YES_ERROR;
				CLANG_WARN_QUOTED_INCLUDE_IN_FRAMEWORK_HEADER = YES;
				CLANG_WARN_RANGE_LOOP_ANALYSIS = YES;
				CLANG_WARN_STRICT_PROTOTYPES = YES;
				CLANG_WARN_SUSPICIOUS_MOVE = YES;
				CLANG_WARN_UNGUARDED_AVAILABILITY = YES_AGGRESSIVE;
				CLANG_WARN_UNREACHABLE_CODE = YES;
				CLANG_WARN__DUPLICATE_METHOD_MATCH = YES;
				COPY_PHASE_STRIP = NO;
				DEBUG_INFORMATION_FORMAT = "dwarf-with-dsym";
				ENABLE_NS_ASSERTIONS = NO;
				ENABLE_STRICT_OBJC_MSGSEND = YES;
				GCC_C_LANGUAGE_STANDARD = gnu11;
				GCC_NO_COMMON_BLOCKS = YES;
				GCC_WARN_64_TO_32_BIT_CONVERSION = YES;
				GCC_WARN_ABOUT_RETURN_TYPE = YES_ERROR;
				GCC_WARN_UNDECLARED_SELECTOR = YES;
				GCC_WARN_UNINITIALIZED_AUTOS = YES_AGGRESSIVE;
				GCC_WARN_UNUSED_FUNCTION = YES;
				GCC_WARN_UNUSED_VARIABLE = YES;
				IPHONEOS_DEPLOYMENT_TARGET = 14.5;
				MTL_ENABLE_DEBUG_INFO = NO;
				MTL_FAST_MATH = YES;
				ONLY_ACTIVE_ARCH = NO;
				SDKROOT = iphoneos;
				SWIFT_COMPILATION_MODE = wholemodule;
				SWIFT_OPTIMIZATION_LEVEL = "-O";
				VALIDATE_PRODUCT = YES;
			};
			name = Release;
		};
		370BA5BA269C3990006BB1CE /* Debug */ = {
			isa = XCBuildConfiguration;
			buildSettings = {
				ALWAYS_EMBED_SWIFT_STANDARD_LIBRARIES = YES;
				ASSETCATALOG_COMPILER_APPICON_NAME = AppIcon;
				ASSETCATALOG_COMPILER_GLOBAL_ACCENT_COLOR_NAME = AccentColor;
				CLANG_ENABLE_MODULES = YES;
				CODE_SIGN_ENTITLEMENTS = GeometricWeather/GeometricWeather.entitlements;
				CODE_SIGN_IDENTITY = "Apple Development";
				"CODE_SIGN_IDENTITY[sdk=macosx*]" = "Apple Development";
				CODE_SIGN_STYLE = Automatic;
				CURRENT_PROJECT_VERSION = 21;
				DEVELOPMENT_ASSET_PATHS = "\"GeometricWeather/Preview Content\"";
				DEVELOPMENT_TEAM = 73CBTMT92C;
				ENABLE_PREVIEWS = YES;
				INFOPLIST_FILE = GeometricWeather/Info.plist;
				IPHONEOS_DEPLOYMENT_TARGET = 14.1;
				LD_RUNPATH_SEARCH_PATHS = (
					"$(inherited)",
					"@executable_path/Frameworks",
				);
				MACOSX_DEPLOYMENT_TARGET = 11.1;
				MARKETING_VERSION = 1.2.1;
				PRODUCT_BUNDLE_IDENTIFIER = wangdaye.com.GeometricWeather;
				PRODUCT_NAME = "$(TARGET_NAME)";
				PROVISIONING_PROFILE_SPECIFIER = "";
				"PROVISIONING_PROFILE_SPECIFIER[sdk=macosx*]" = "";
				SUPPORTS_MACCATALYST = YES;
				SWIFT_ENABLE_BATCH_MODE = NO;
				SWIFT_OBJC_BRIDGING_HEADER = "GeometricWeather/GeometricWeather-Bridging-Header.h";
				SWIFT_OPTIMIZATION_LEVEL = "-Onone";
				SWIFT_VERSION = 5.0;
				TARGETED_DEVICE_FAMILY = "1,2";
			};
			name = Debug;
		};
		370BA5BB269C3990006BB1CE /* Release */ = {
			isa = XCBuildConfiguration;
			buildSettings = {
				ALWAYS_EMBED_SWIFT_STANDARD_LIBRARIES = YES;
				ASSETCATALOG_COMPILER_APPICON_NAME = AppIcon;
				ASSETCATALOG_COMPILER_GLOBAL_ACCENT_COLOR_NAME = AccentColor;
				CLANG_ENABLE_MODULES = YES;
				CODE_SIGN_ENTITLEMENTS = GeometricWeather/GeometricWeather.entitlements;
				CODE_SIGN_IDENTITY = "Apple Development";
				"CODE_SIGN_IDENTITY[sdk=macosx*]" = "Apple Development";
				CODE_SIGN_STYLE = Automatic;
				CURRENT_PROJECT_VERSION = 21;
				DEVELOPMENT_ASSET_PATHS = "\"GeometricWeather/Preview Content\"";
				DEVELOPMENT_TEAM = 73CBTMT92C;
				ENABLE_PREVIEWS = YES;
				INFOPLIST_FILE = GeometricWeather/Info.plist;
				IPHONEOS_DEPLOYMENT_TARGET = 14.1;
				LD_RUNPATH_SEARCH_PATHS = (
					"$(inherited)",
					"@executable_path/Frameworks",
				);
				MACOSX_DEPLOYMENT_TARGET = 11.1;
				MARKETING_VERSION = 1.2.1;
				PRODUCT_BUNDLE_IDENTIFIER = wangdaye.com.GeometricWeather;
				PRODUCT_NAME = "$(TARGET_NAME)";
				PROVISIONING_PROFILE_SPECIFIER = "";
				"PROVISIONING_PROFILE_SPECIFIER[sdk=macosx*]" = "";
				SUPPORTS_MACCATALYST = YES;
				SWIFT_ENABLE_BATCH_MODE = NO;
				SWIFT_OBJC_BRIDGING_HEADER = "GeometricWeather/GeometricWeather-Bridging-Header.h";
				SWIFT_VERSION = 5.0;
				TARGETED_DEVICE_FAMILY = "1,2";
			};
			name = Release;
		};
		370BA5BD269C3990006BB1CE /* Debug */ = {
			isa = XCBuildConfiguration;
			buildSettings = {
				ALWAYS_EMBED_SWIFT_STANDARD_LIBRARIES = YES;
				BUNDLE_LOADER = "$(TEST_HOST)";
				CODE_SIGN_STYLE = Automatic;
				DEVELOPMENT_TEAM = 73CBTMT92C;
				INFOPLIST_FILE = GeometricWeatherTests/Info.plist;
				IPHONEOS_DEPLOYMENT_TARGET = 14.1;
				LD_RUNPATH_SEARCH_PATHS = (
					"$(inherited)",
					"@executable_path/Frameworks",
					"@loader_path/Frameworks",
				);
				PRODUCT_BUNDLE_IDENTIFIER = com.wangdaye.GeometricWeatherTests;
				PRODUCT_NAME = "$(TARGET_NAME)";
				SWIFT_VERSION = 5.0;
				TARGETED_DEVICE_FAMILY = "1,2";
				TEST_HOST = "$(BUILT_PRODUCTS_DIR)/GeometricWeather.app/GeometricWeather";
			};
			name = Debug;
		};
		370BA5BE269C3990006BB1CE /* Release */ = {
			isa = XCBuildConfiguration;
			buildSettings = {
				ALWAYS_EMBED_SWIFT_STANDARD_LIBRARIES = YES;
				BUNDLE_LOADER = "$(TEST_HOST)";
				CODE_SIGN_STYLE = Automatic;
				DEVELOPMENT_TEAM = 73CBTMT92C;
				INFOPLIST_FILE = GeometricWeatherTests/Info.plist;
				IPHONEOS_DEPLOYMENT_TARGET = 14.1;
				LD_RUNPATH_SEARCH_PATHS = (
					"$(inherited)",
					"@executable_path/Frameworks",
					"@loader_path/Frameworks",
				);
				PRODUCT_BUNDLE_IDENTIFIER = com.wangdaye.GeometricWeatherTests;
				PRODUCT_NAME = "$(TARGET_NAME)";
				SWIFT_VERSION = 5.0;
				TARGETED_DEVICE_FAMILY = "1,2";
				TEST_HOST = "$(BUILT_PRODUCTS_DIR)/GeometricWeather.app/GeometricWeather";
			};
			name = Release;
		};
		370BA5C0269C3990006BB1CE /* Debug */ = {
			isa = XCBuildConfiguration;
			buildSettings = {
				ALWAYS_EMBED_SWIFT_STANDARD_LIBRARIES = YES;
				CODE_SIGN_STYLE = Automatic;
				DEVELOPMENT_TEAM = 73CBTMT92C;
				INFOPLIST_FILE = GeometricWeatherUITests/Info.plist;
				LD_RUNPATH_SEARCH_PATHS = (
					"$(inherited)",
					"@executable_path/Frameworks",
					"@loader_path/Frameworks",
				);
				PRODUCT_BUNDLE_IDENTIFIER = com.wangdaye.GeometricWeatherUITests;
				PRODUCT_NAME = "$(TARGET_NAME)";
				SWIFT_VERSION = 5.0;
				TARGETED_DEVICE_FAMILY = "1,2";
				TEST_TARGET_NAME = GeometricWeather;
			};
			name = Debug;
		};
		370BA5C1269C3990006BB1CE /* Release */ = {
			isa = XCBuildConfiguration;
			buildSettings = {
				ALWAYS_EMBED_SWIFT_STANDARD_LIBRARIES = YES;
				CODE_SIGN_STYLE = Automatic;
				DEVELOPMENT_TEAM = 73CBTMT92C;
				INFOPLIST_FILE = GeometricWeatherUITests/Info.plist;
				LD_RUNPATH_SEARCH_PATHS = (
					"$(inherited)",
					"@executable_path/Frameworks",
					"@loader_path/Frameworks",
				);
				PRODUCT_BUNDLE_IDENTIFIER = com.wangdaye.GeometricWeatherUITests;
				PRODUCT_NAME = "$(TARGET_NAME)";
				SWIFT_VERSION = 5.0;
				TARGETED_DEVICE_FAMILY = "1,2";
				TEST_TARGET_NAME = GeometricWeather;
			};
			name = Release;
		};
		374BA60E26FC78E10080B5CA /* Debug */ = {
			isa = XCBuildConfiguration;
			buildSettings = {
				ASSETCATALOG_COMPILER_GLOBAL_ACCENT_COLOR_NAME = AccentColor;
				ASSETCATALOG_COMPILER_WIDGET_BACKGROUND_COLOR_NAME = WidgetBackground;
				CODE_SIGN_ENTITLEMENTS = GeometricWeatherWidgetExtension.entitlements;
				CODE_SIGN_IDENTITY = "Apple Development";
				"CODE_SIGN_IDENTITY[sdk=macosx*]" = "Apple Development";
				CODE_SIGN_STYLE = Automatic;
				CURRENT_PROJECT_VERSION = 1;
				DEVELOPMENT_TEAM = 73CBTMT92C;
				GENERATE_INFOPLIST_FILE = YES;
				INFOPLIST_FILE = GeometricWeatherWidget/Info.plist;
				INFOPLIST_KEY_CFBundleDisplayName = GeometricWeatherWidget;
				INFOPLIST_KEY_NSHumanReadableCopyright = "";
				IPHONEOS_DEPLOYMENT_TARGET = 15.0;
				LD_RUNPATH_SEARCH_PATHS = (
					"$(inherited)",
					"@executable_path/Frameworks",
					"@executable_path/../../Frameworks",
				);
				MARKETING_VERSION = 1.0;
				PRODUCT_BUNDLE_IDENTIFIER = wangdaye.com.GeometricWeather.GeometricWeatherWidget;
				PRODUCT_NAME = "$(TARGET_NAME)";
				SKIP_INSTALL = YES;
				SUPPORTS_MACCATALYST = YES;
				SWIFT_EMIT_LOC_STRINGS = YES;
				SWIFT_VERSION = 5.0;
				TARGETED_DEVICE_FAMILY = "1,2";
			};
			name = Debug;
		};
		374BA60F26FC78E10080B5CA /* Release */ = {
			isa = XCBuildConfiguration;
			buildSettings = {
				ASSETCATALOG_COMPILER_GLOBAL_ACCENT_COLOR_NAME = AccentColor;
				ASSETCATALOG_COMPILER_WIDGET_BACKGROUND_COLOR_NAME = WidgetBackground;
				CODE_SIGN_ENTITLEMENTS = GeometricWeatherWidgetExtension.entitlements;
				CODE_SIGN_STYLE = Automatic;
				CURRENT_PROJECT_VERSION = 1;
				DEVELOPMENT_TEAM = 73CBTMT92C;
				GENERATE_INFOPLIST_FILE = YES;
				INFOPLIST_FILE = GeometricWeatherWidget/Info.plist;
				INFOPLIST_KEY_CFBundleDisplayName = GeometricWeatherWidget;
				INFOPLIST_KEY_NSHumanReadableCopyright = "";
				IPHONEOS_DEPLOYMENT_TARGET = 15.0;
				LD_RUNPATH_SEARCH_PATHS = (
					"$(inherited)",
					"@executable_path/Frameworks",
					"@executable_path/../../Frameworks",
				);
				MARKETING_VERSION = 1.0;
				PRODUCT_BUNDLE_IDENTIFIER = wangdaye.com.GeometricWeather.GeometricWeatherWidget;
				PRODUCT_NAME = "$(TARGET_NAME)";
				SKIP_INSTALL = YES;
				SUPPORTS_MACCATALYST = YES;
				SWIFT_EMIT_LOC_STRINGS = YES;
				SWIFT_VERSION = 5.0;
				TARGETED_DEVICE_FAMILY = "1,2";
			};
			name = Release;
		};
/* End XCBuildConfiguration section */

/* Begin XCConfigurationList section */
		370BA58F269C398D006BB1CE /* Build configuration list for PBXProject "GeometricWeather" */ = {
			isa = XCConfigurationList;
			buildConfigurations = (
				370BA5B7269C3990006BB1CE /* Debug */,
				370BA5B8269C3990006BB1CE /* Release */,
			);
			defaultConfigurationIsVisible = 0;
			defaultConfigurationName = Release;
		};
		370BA5B9269C3990006BB1CE /* Build configuration list for PBXNativeTarget "GeometricWeather" */ = {
			isa = XCConfigurationList;
			buildConfigurations = (
				370BA5BA269C3990006BB1CE /* Debug */,
				370BA5BB269C3990006BB1CE /* Release */,
			);
			defaultConfigurationIsVisible = 0;
			defaultConfigurationName = Release;
		};
		370BA5BC269C3990006BB1CE /* Build configuration list for PBXNativeTarget "GeometricWeatherTests" */ = {
			isa = XCConfigurationList;
			buildConfigurations = (
				370BA5BD269C3990006BB1CE /* Debug */,
				370BA5BE269C3990006BB1CE /* Release */,
			);
			defaultConfigurationIsVisible = 0;
			defaultConfigurationName = Release;
		};
		370BA5BF269C3990006BB1CE /* Build configuration list for PBXNativeTarget "GeometricWeatherUITests" */ = {
			isa = XCConfigurationList;
			buildConfigurations = (
				370BA5C0269C3990006BB1CE /* Debug */,
				370BA5C1269C3990006BB1CE /* Release */,
			);
			defaultConfigurationIsVisible = 0;
			defaultConfigurationName = Release;
		};
		374BA60D26FC78E10080B5CA /* Build configuration list for PBXNativeTarget "GeometricWeatherWidgetExtension" */ = {
			isa = XCConfigurationList;
			buildConfigurations = (
				374BA60E26FC78E10080B5CA /* Debug */,
				374BA60F26FC78E10080B5CA /* Release */,
			);
			defaultConfigurationIsVisible = 0;
			defaultConfigurationName = Release;
		};
/* End XCConfigurationList section */

/* Begin XCRemoteSwiftPackageReference section */
		3739F27426C0C7D900EAE90A /* XCRemoteSwiftPackageReference "SnapKit" */ = {
			isa = XCRemoteSwiftPackageReference;
			repositoryURL = "https://github.com/SnapKit/SnapKit.git";
			requirement = {
				kind = upToNextMajorVersion;
				minimumVersion = 5.0.0;
			};
		};
		3789E1F826AAD85A005C3C06 /* XCRemoteSwiftPackageReference "Reachability" */ = {
			isa = XCRemoteSwiftPackageReference;
			repositoryURL = "https://github.com/ashleymills/Reachability.swift";
			requirement = {
				kind = upToNextMajorVersion;
				minimumVersion = 5.0.0;
			};
		};
		3789E1FB26AADA14005C3C06 /* XCRemoteSwiftPackageReference "Moya" */ = {
			isa = XCRemoteSwiftPackageReference;
			repositoryURL = "https://github.com/Moya/Moya.git";
			requirement = {
				kind = upToNextMajorVersion;
				minimumVersion = 14.0.0;
			};
		};
		37CCA443271FBB880034D247 /* XCRemoteSwiftPackageReference "Then" */ = {
			isa = XCRemoteSwiftPackageReference;
			repositoryURL = "https://github.com/devxoul/Then";
			requirement = {
				kind = upToNextMajorVersion;
				minimumVersion = 2.0.0;
			};
		};
/* End XCRemoteSwiftPackageReference section */

/* Begin XCSwiftPackageProductDependency section */
		3739F27526C0C7DA00EAE90A /* SnapKit */ = {
			isa = XCSwiftPackageProductDependency;
			package = 3739F27426C0C7D900EAE90A /* XCRemoteSwiftPackageReference "SnapKit" */;
			productName = SnapKit;
		};
		374BA62626FC894E0080B5CA /* GeometricWeatherBasic */ = {
			isa = XCSwiftPackageProductDependency;
			productName = GeometricWeatherBasic;
		};
		3789E1F926AAD85A005C3C06 /* Reachability */ = {
			isa = XCSwiftPackageProductDependency;
			package = 3789E1F826AAD85A005C3C06 /* XCRemoteSwiftPackageReference "Reachability" */;
			productName = Reachability;
		};
		3789E1FC26AADA14005C3C06 /* Moya */ = {
			isa = XCSwiftPackageProductDependency;
			package = 3789E1FB26AADA14005C3C06 /* XCRemoteSwiftPackageReference "Moya" */;
			productName = Moya;
		};
		3789E1FE26AADA14005C3C06 /* ReactiveMoya */ = {
			isa = XCSwiftPackageProductDependency;
			package = 3789E1FB26AADA14005C3C06 /* XCRemoteSwiftPackageReference "Moya" */;
			productName = ReactiveMoya;
		};
		3789E20026AADA14005C3C06 /* RxMoya */ = {
			isa = XCSwiftPackageProductDependency;
			package = 3789E1FB26AADA14005C3C06 /* XCRemoteSwiftPackageReference "Moya" */;
			productName = RxMoya;
		};
		37A35F8026F5BF3E00431565 /* GeometricWeatherBasic */ = {
			isa = XCSwiftPackageProductDependency;
			productName = GeometricWeatherBasic;
		};
/* End XCSwiftPackageProductDependency section */
	};
	rootObject = 370BA58C269C398D006BB1CE /* Project object */;
}
